{
  "object": {
    "pins": [
      {
        "package": "SwiftUIKit",
        "repositoryURL": "https://github.com/danielsaidi/SwiftUIKit.git",
        "state": {
          "branch": null,
          "revision": "9164c502a8c9f3017bd96db929e065cb88c79d76",
          "version": "1.4.0"
        }
      }
    ]
  },
  "version": 1
}
