{
  "object": {
    "pins": [
      {
        "package": "GRDB",
        "repositoryURL": "https://github.com/groue/GRDB.swift.git",
        "state": {
          "branch": null,
          "revision": "32b2923e890df320906e64cbd0faca22a8bfda14",
          "version": "5.12.0"
        }
      },
      {
        "package": "swift-ical",
        "repositoryURL": "https://github.com/tbartelmess/swift-ical",
        "state": {
          "branch": null,
          "revision": "b94f9e8f4d316d946208f37d749a872a1774d702",
          "version": "0.0.8"
        }
      },
      {
        "package": "SwiftUIKit",
        "repositoryURL": "https://github.com/danielsaidi/SwiftUIKit.git",
        "state": {
          "branch": null,
          "revision": "9164c502a8c9f3017bd96db929e065cb88c79d76",
          "version": "1.4.0"
        }
      }
    ]
  },
  "version": 1
}
