// !$*UTF8*$!
{
	archiveVersion = 1;
	classes = {
	};
	objectVersion = 52;
	objects = {

/* Begin PBXBuildFile section */
		A206D780267C10BA00CB094D /* Schedule.swift in Sources */ = {isa = PBXBuildFile; fileRef = A206D77F267C10BA00CB094D /* Schedule.swift */; };
		A206D781267C10BA00CB094D /* Schedule.swift in Sources */ = {isa = PBXBuildFile; fileRef = A206D77F267C10BA00CB094D /* Schedule.swift */; };
		A206D783267C110600CB094D /* Attachment.swift in Sources */ = {isa = PBXBuildFile; fileRef = A206D782267C110600CB094D /* Attachment.swift */; };
		A206D784267C110600CB094D /* Attachment.swift in Sources */ = {isa = PBXBuildFile; fileRef = A206D782267C110600CB094D /* Attachment.swift */; };
		A206D786267C111F00CB094D /* TransactionAttachment.swift in Sources */ = {isa = PBXBuildFile; fileRef = A206D785267C111F00CB094D /* TransactionAttachment.swift */; };
		A206D787267C111F00CB094D /* TransactionAttachment.swift in Sources */ = {isa = PBXBuildFile; fileRef = A206D785267C111F00CB094D /* TransactionAttachment.swift */; };
		A206D78B267C47A400CB094D /* CurrencyText.swift in Sources */ = {isa = PBXBuildFile; fileRef = A24033C12672898C00A2B5CE /* CurrencyText.swift */; };
		A20781ED265E954C00DE372A /* BucketRequest.swift in Sources */ = {isa = PBXBuildFile; fileRef = A20781EC265E954C00DE372A /* BucketRequest.swift */; };
		A20781EE265E954C00DE372A /* BucketRequest.swift in Sources */ = {isa = PBXBuildFile; fileRef = A20781EC265E954C00DE372A /* BucketRequest.swift */; };
		A20781F7266001CC00DE372A /* TransactionTags.swift in Sources */ = {isa = PBXBuildFile; fileRef = A20781F6266001CC00DE372A /* TransactionTags.swift */; };
		A20781F8266001CC00DE372A /* TransactionTags.swift in Sources */ = {isa = PBXBuildFile; fileRef = A20781F6266001CC00DE372A /* TransactionTags.swift */; };
		A20B3C9D2655840600555CF1 /* TagForm.swift in Sources */ = {isa = PBXBuildFile; fileRef = A2487765265582A7002D7D9F /* TagForm.swift */; };
		A20B3C9F26558BB400555CF1 /* TagRequest.swift in Sources */ = {isa = PBXBuildFile; fileRef = A20B3C9E26558BB400555CF1 /* TagRequest.swift */; };
		A20B3CA026558BB400555CF1 /* TagRequest.swift in Sources */ = {isa = PBXBuildFile; fileRef = A20B3C9E26558BB400555CF1 /* TagRequest.swift */; };
		A20DAF6D26701A4300347205 /* HomeView.swift in Sources */ = {isa = PBXBuildFile; fileRef = A20DAF6C26701A4300347205 /* HomeView.swift */; };
		A20DAF7B2671509B00347205 /* TransactionForm.swift in Sources */ = {isa = PBXBuildFile; fileRef = A20DAF7A2671509B00347205 /* TransactionForm.swift */; };
		A20DCD69264EBC260070EB07 /* Transaction.swift in Sources */ = {isa = PBXBuildFile; fileRef = A20DCD68264EBC260070EB07 /* Transaction.swift */; };
		A20DCD6A264EBC260070EB07 /* Transaction.swift in Sources */ = {isa = PBXBuildFile; fileRef = A20DCD68264EBC260070EB07 /* Transaction.swift */; };
		A20DCD6C264EBC470070EB07 /* Bucket.swift in Sources */ = {isa = PBXBuildFile; fileRef = A20DCD6B264EBC470070EB07 /* Bucket.swift */; };
		A20DCD6D264EBC470070EB07 /* Bucket.swift in Sources */ = {isa = PBXBuildFile; fileRef = A20DCD6B264EBC470070EB07 /* Bucket.swift */; };
		A20DCD75264ED0270070EB07 /* BalanceTable.swift in Sources */ = {isa = PBXBuildFile; fileRef = A20DCD74264ED0270070EB07 /* BalanceTable.swift */; };
		A20DCD77264ED04A0070EB07 /* BucketRow.swift in Sources */ = {isa = PBXBuildFile; fileRef = A20DCD76264ED04A0070EB07 /* BucketRow.swift */; };
		A20DCD79264ED0620070EB07 /* BucketForm.swift in Sources */ = {isa = PBXBuildFile; fileRef = A20DCD78264ED0620070EB07 /* BucketForm.swift */; };
		A20DCD83264EEB510070EB07 /* Tag.swift in Sources */ = {isa = PBXBuildFile; fileRef = A20DCD82264EEB510070EB07 /* Tag.swift */; };
		A20DCD84264EEB510070EB07 /* Tag.swift in Sources */ = {isa = PBXBuildFile; fileRef = A20DCD82264EEB510070EB07 /* Tag.swift */; };
		A217EA9826A9BB08004388FF /* AccountForm.swift in Sources */ = {isa = PBXBuildFile; fileRef = A217EA9726A9BB08004388FF /* AccountForm.swift */; };
		A217EA9B26A9BF1A004388FF /* SwiftUIKit in Frameworks */ = {isa = PBXBuildFile; productRef = A217EA9A26A9BF1A004388FF /* SwiftUIKit */; };
		A217EA9D26A9C1C2004388FF /* FormKeys.swift in Sources */ = {isa = PBXBuildFile; fileRef = A217EA9C26A9C1C2004388FF /* FormKeys.swift */; };
		A217EAA126A9CD57004388FF /* AlertKeys.swift in Sources */ = {isa = PBXBuildFile; fileRef = A217EAA026A9CD57004388FF /* AlertKeys.swift */; };
		A217EAA326A9D7A0004388FF /* TransferForm.swift in Sources */ = {isa = PBXBuildFile; fileRef = A217EAA226A9D7A0004388FF /* TransferForm.swift */; };
		A21C63D327074D36002D3084 /* GRDB in Frameworks */ = {isa = PBXBuildFile; productRef = A21C63D227074D36002D3084 /* GRDB */; };
		A2202ACC26E551EA0060D94A /* SortingWrapperView.swift in Sources */ = {isa = PBXBuildFile; fileRef = A2202ACB26E551EA0060D94A /* SortingWrapperView.swift */; };
		A2202ACD26E551EA0060D94A /* SortingWrapperView.swift in Sources */ = {isa = PBXBuildFile; fileRef = A2202ACB26E551EA0060D94A /* SortingWrapperView.swift */; };
		A2202ACF26E5547C0060D94A /* SortingAgent.swift in Sources */ = {isa = PBXBuildFile; fileRef = A2202ACE26E5547C0060D94A /* SortingAgent.swift */; };
		A2202AD026E5547C0060D94A /* SortingAgent.swift in Sources */ = {isa = PBXBuildFile; fileRef = A2202ACE26E5547C0060D94A /* SortingAgent.swift */; };
		A228FC59264C571800CD5BB6 /* Query.swift in Sources */ = {isa = PBXBuildFile; fileRef = A228FC58264C571800CD5BB6 /* Query.swift */; };
		A228FC5A264C571800CD5BB6 /* Query.swift in Sources */ = {isa = PBXBuildFile; fileRef = A228FC58264C571800CD5BB6 /* Query.swift */; };
		A228FC5C264C574C00CD5BB6 /* TransactionRequest.swift in Sources */ = {isa = PBXBuildFile; fileRef = A228FC5B264C574C00CD5BB6 /* TransactionRequest.swift */; };
		A228FC5D264C574C00CD5BB6 /* TransactionRequest.swift in Sources */ = {isa = PBXBuildFile; fileRef = A228FC5B264C574C00CD5BB6 /* TransactionRequest.swift */; };
		A228FC5F264C57E700CD5BB6 /* AppDatabase.swift in Sources */ = {isa = PBXBuildFile; fileRef = A228FC5E264C57E700CD5BB6 /* AppDatabase.swift */; };
		A228FC60264C57E700CD5BB6 /* AppDatabase.swift in Sources */ = {isa = PBXBuildFile; fileRef = A228FC5E264C57E700CD5BB6 /* AppDatabase.swift */; };
		A22FA30C270F40BF00C0A3CF /* DocumentListView.swift in Sources */ = {isa = PBXBuildFile; fileRef = A22FA30B270F40BF00C0A3CF /* DocumentListView.swift */; };
		A22FA30E270F417500C0A3CF /* AttachmentRequest.swift in Sources */ = {isa = PBXBuildFile; fileRef = A22FA30D270F417500C0A3CF /* AttachmentRequest.swift */; };
		A230C0C7270CEB55000C739F /* TemplateForm.swift in Sources */ = {isa = PBXBuildFile; fileRef = A230C0C6270CEB55000C739F /* TemplateForm.swift */; };
		A230C0C9270CF320000C739F /* TemplateManagerView.swift in Sources */ = {isa = PBXBuildFile; fileRef = A230C0C8270CF320000C739F /* TemplateManagerView.swift */; };
		A230C0CB270CF3FB000C739F /* TemplateRequest.swift in Sources */ = {isa = PBXBuildFile; fileRef = A230C0CA270CF3FB000C739F /* TemplateRequest.swift */; };
		A230C0CE270E0970000C739F /* Libical in Frameworks */ = {isa = PBXBuildFile; productRef = A230C0CD270E0970000C739F /* Libical */; };
		A230C0D0270E0970000C739F /* SwiftIcal in Frameworks */ = {isa = PBXBuildFile; productRef = A230C0CF270E0970000C739F /* SwiftIcal */; };
		A24033C22672898C00A2B5CE /* CurrencyText.swift in Sources */ = {isa = PBXBuildFile; fileRef = A24033C12672898C00A2B5CE /* CurrencyText.swift */; };
		A24CF68626814EDA0037BBEF /* BucketBalanceRequest.swift in Sources */ = {isa = PBXBuildFile; fileRef = A24CF68526814EDA0037BBEF /* BucketBalanceRequest.swift */; };
		A24CF68726814EDA0037BBEF /* BucketBalanceRequest.swift in Sources */ = {isa = PBXBuildFile; fileRef = A24CF68526814EDA0037BBEF /* BucketBalanceRequest.swift */; };
		A257FC3126D7ED7600383855 /* PreferenceKeys.swift in Sources */ = {isa = PBXBuildFile; fileRef = A257FC3026D7ED7600383855 /* PreferenceKeys.swift */; };
		A257FC3326D7F5C400383855 /* MainView.swift in Sources */ = {isa = PBXBuildFile; fileRef = A257FC3226D7F5C400383855 /* MainView.swift */; };
		A257FC3526D7F62400383855 /* TagManagerView.swift in Sources */ = {isa = PBXBuildFile; fileRef = A257FC3426D7F62400383855 /* TagManagerView.swift */; };
		A257FC3726D7FA7C00383855 /* ScheduleManagerView.swift in Sources */ = {isa = PBXBuildFile; fileRef = A257FC3626D7FA7C00383855 /* ScheduleManagerView.swift */; };
		A257FC3926D800EE00383855 /* WindowKeys.swift in Sources */ = {isa = PBXBuildFile; fileRef = A257FC3826D800EE00383855 /* WindowKeys.swift */; };
		A257FC3F26D80BA700383855 /* TableToolbar.swift in Sources */ = {isa = PBXBuildFile; fileRef = A2676C8C267E367900548F06 /* TableToolbar.swift */; };
		A257FC4026D80BAF00383855 /* BucketRow.swift in Sources */ = {isa = PBXBuildFile; fileRef = A20DCD76264ED04A0070EB07 /* BucketRow.swift */; };
		A257FC4126D80BBA00383855 /* TransactionRow.swift in Sources */ = {isa = PBXBuildFile; fileRef = A20DAF7C2671802A00347205 /* TransactionRow.swift */; };
		A257FC4226D80BC700383855 /* SplashView.swift in Sources */ = {isa = PBXBuildFile; fileRef = A2A56734262747A7009C7E8C /* SplashView.swift */; };
		A257FC4326D80BDB00383855 /* ImportAgent.swift in Sources */ = {isa = PBXBuildFile; fileRef = A2C2ADB926D5AF2E00537971 /* ImportAgent.swift */; };
		A257FC4426D80BDF00383855 /* SPENTLegacyImportAgent.swift in Sources */ = {isa = PBXBuildFile; fileRef = A2C2ADBB26D5B0CE00537971 /* SPENTLegacyImportAgent.swift */; };
		A2676C73267CD04300548F06 /* TransactionsView.swift in Sources */ = {isa = PBXBuildFile; fileRef = A2676C72267CD04300548F06 /* TransactionsView.swift */; };
		A2676C8E267E367900548F06 /* TableToolbar.swift in Sources */ = {isa = PBXBuildFile; fileRef = A2676C8C267E367900548F06 /* TableToolbar.swift */; };
		A2676C90267E3D2700548F06 /* ScheduleRequest.swift in Sources */ = {isa = PBXBuildFile; fileRef = A2676C8F267E3D2700548F06 /* ScheduleRequest.swift */; };
		A2676C91267E3D2700548F06 /* ScheduleRequest.swift in Sources */ = {isa = PBXBuildFile; fileRef = A2676C8F267E3D2700548F06 /* ScheduleRequest.swift */; };
		A2676C9C267E599400548F06 /* UIDatabaseConnector.swift in Sources */ = {isa = PBXBuildFile; fileRef = A2676C9B267E599400548F06 /* UIDatabaseConnector.swift */; };
		A2676C9D267E599400548F06 /* UIDatabaseConnector.swift in Sources */ = {isa = PBXBuildFile; fileRef = A2676C9B267E599400548F06 /* UIDatabaseConnector.swift */; };
		A2676CA0267E630B00548F06 /* ScheduleForm.swift in Sources */ = {isa = PBXBuildFile; fileRef = A2676C9E267E630B00548F06 /* ScheduleForm.swift */; };
		A268902926E1163B00BB9330 /* TransactionList.swift in Sources */ = {isa = PBXBuildFile; fileRef = A268902826E1163B00BB9330 /* TransactionList.swift */; };
		A268902B26E1501200BB9330 /* SingleBucketRequest.swift in Sources */ = {isa = PBXBuildFile; fileRef = A268902A26E1501200BB9330 /* SingleBucketRequest.swift */; };
		A268902D26E152F800BB9330 /* AccountRequest.swift in Sources */ = {isa = PBXBuildFile; fileRef = A268902C26E152F800BB9330 /* AccountRequest.swift */; };
		A26B732226909A850082A0F6 /* QueryWrapperView.swift in Sources */ = {isa = PBXBuildFile; fileRef = A26B732126909A850082A0F6 /* QueryWrapperView.swift */; };
		A26B732326909A850082A0F6 /* QueryWrapperView.swift in Sources */ = {isa = PBXBuildFile; fileRef = A26B732126909A850082A0F6 /* QueryWrapperView.swift */; };
		A26B73252690A6FF0082A0F6 /* BucketNode.swift in Sources */ = {isa = PBXBuildFile; fileRef = A26B73242690A6FF0082A0F6 /* BucketNode.swift */; };
		A26B73262690A6FF0082A0F6 /* BucketNode.swift in Sources */ = {isa = PBXBuildFile; fileRef = A26B73242690A6FF0082A0F6 /* BucketNode.swift */; };
		A26B732B2690A9650082A0F6 /* TransactionModelRequest.swift in Sources */ = {isa = PBXBuildFile; fileRef = A26B732A2690A9650082A0F6 /* TransactionModelRequest.swift */; };
		A26B732C2690A9650082A0F6 /* TransactionModelRequest.swift in Sources */ = {isa = PBXBuildFile; fileRef = A26B732A2690A9650082A0F6 /* TransactionModelRequest.swift */; };
		A26B732E2690AE710082A0F6 /* TransactionFilter.swift in Sources */ = {isa = PBXBuildFile; fileRef = A26B732D2690AE710082A0F6 /* TransactionFilter.swift */; };
		A26B732F2690AE710082A0F6 /* TransactionFilter.swift in Sources */ = {isa = PBXBuildFile; fileRef = A26B732D2690AE710082A0F6 /* TransactionFilter.swift */; };
		A26B73342690BF2B0082A0F6 /* TransactionData.swift in Sources */ = {isa = PBXBuildFile; fileRef = A26B73332690BF2B0082A0F6 /* TransactionData.swift */; };
		A26B73352690BF2B0082A0F6 /* TransactionData.swift in Sources */ = {isa = PBXBuildFile; fileRef = A26B73332690BF2B0082A0F6 /* TransactionData.swift */; };
		A26B73392690CBAC0082A0F6 /* TransactionView.swift in Sources */ = {isa = PBXBuildFile; fileRef = A26B73382690CBAC0082A0F6 /* TransactionView.swift */; };
		A276B57B26D887D3003C24E2 /* AppConfiguration.swift in Sources */ = {isa = PBXBuildFile; fileRef = A276B57A26D887D3003C24E2 /* AppConfiguration.swift */; };
		A276B57C26D887D3003C24E2 /* AppConfiguration.swift in Sources */ = {isa = PBXBuildFile; fileRef = A276B57A26D887D3003C24E2 /* AppConfiguration.swift */; };
		A278085B268BC63900CEA560 /* TransactionTagForm.swift in Sources */ = {isa = PBXBuildFile; fileRef = A2780859268BC63900CEA560 /* TransactionTagForm.swift */; };
		A2780863268E4AF900CEA560 /* BucketPicker.swift in Sources */ = {isa = PBXBuildFile; fileRef = A2780862268E4AF900CEA560 /* BucketPicker.swift */; };
		A2780864268E4AF900CEA560 /* BucketPicker.swift in Sources */ = {isa = PBXBuildFile; fileRef = A2780862268E4AF900CEA560 /* BucketPicker.swift */; };
		A2780866268E55F600CEA560 /* EnumPicker.swift in Sources */ = {isa = PBXBuildFile; fileRef = A2780865268E55F600CEA560 /* EnumPicker.swift */; };
		A2780867268E55F600CEA560 /* EnumPicker.swift in Sources */ = {isa = PBXBuildFile; fileRef = A2780865268E55F600CEA560 /* EnumPicker.swift */; };
		A2780869268E588000CEA560 /* Stringable.swift in Sources */ = {isa = PBXBuildFile; fileRef = A2780868268E588000CEA560 /* Stringable.swift */; };
		A278086A268E588000CEA560 /* Stringable.swift in Sources */ = {isa = PBXBuildFile; fileRef = A2780868268E588000CEA560 /* Stringable.swift */; };
		A278086C268E668C00CEA560 /* SchedulePicker.swift in Sources */ = {isa = PBXBuildFile; fileRef = A278086B268E668C00CEA560 /* SchedulePicker.swift */; };
		A278086D268E668C00CEA560 /* SchedulePicker.swift in Sources */ = {isa = PBXBuildFile; fileRef = A278086B268E668C00CEA560 /* SchedulePicker.swift */; };
		A2A56710262740EC009C7E8C /* SPENT.swift in Sources */ = {isa = PBXBuildFile; fileRef = A2A5670F262740EC009C7E8C /* SPENT.swift */; };
		A2A56714262740ED009C7E8C /* Assets.xcassets in Resources */ = {isa = PBXBuildFile; fileRef = A2A56713262740ED009C7E8C /* Assets.xcassets */; };
		A2A56717262740ED009C7E8C /* Preview Assets.xcassets in Resources */ = {isa = PBXBuildFile; fileRef = A2A56716262740ED009C7E8C /* Preview Assets.xcassets */; };
		A2A56736262747A8009C7E8C /* SplashView.swift in Sources */ = {isa = PBXBuildFile; fileRef = A2A56734262747A7009C7E8C /* SplashView.swift */; };
		A2A56738262879BD009C7E8C /* Util.swift in Sources */ = {isa = PBXBuildFile; fileRef = A2A56737262879BD009C7E8C /* Util.swift */; };
		A2A56739262879BD009C7E8C /* Util.swift in Sources */ = {isa = PBXBuildFile; fileRef = A2A56737262879BD009C7E8C /* Util.swift */; };
		A2AA26E2270E937E00794C6C /* DebugUtil.swift in Sources */ = {isa = PBXBuildFile; fileRef = A2AA26E1270E937E00794C6C /* DebugUtil.swift */; };
		A2AA26E3270E937E00794C6C /* DebugUtil.swift in Sources */ = {isa = PBXBuildFile; fileRef = A2AA26E1270E937E00794C6C /* DebugUtil.swift */; };
		A2C2ADA126D5878A00537971 /* SwiftUIKit in Frameworks */ = {isa = PBXBuildFile; productRef = A2C2ADA026D5878A00537971 /* SwiftUIKit */; };
		A2C2ADAB26D58AAF00537971 /* TransactionRow.swift in Sources */ = {isa = PBXBuildFile; fileRef = A20DAF7C2671802A00347205 /* TransactionRow.swift */; };
		A2C2ADAE26D58B9300537971 /* TransactionContextMenu.swift in Sources */ = {isa = PBXBuildFile; fileRef = A2C2ADAD26D58B9300537971 /* TransactionContextMenu.swift */; };
		A2C2ADB126D58D7100537971 /* WelcomeSheet.swift in Sources */ = {isa = PBXBuildFile; fileRef = A2C2ADB026D58D7100537971 /* WelcomeSheet.swift */; };
		A2C2ADB326D58F0200537971 /* GeneralSettingsView.swift in Sources */ = {isa = PBXBuildFile; fileRef = A2C2ADB226D58F0200537971 /* GeneralSettingsView.swift */; };
		A2C2ADB526D58F1F00537971 /* SettingsView.swift in Sources */ = {isa = PBXBuildFile; fileRef = A2C2ADB426D58F1F00537971 /* SettingsView.swift */; };
		A2C2ADB826D58F7D00537971 /* AccountContextMenu.swift in Sources */ = {isa = PBXBuildFile; fileRef = A2C2ADB726D58F7D00537971 /* AccountContextMenu.swift */; };
		A2C2ADBA26D5AF2E00537971 /* ImportAgent.swift in Sources */ = {isa = PBXBuildFile; fileRef = A2C2ADB926D5AF2E00537971 /* ImportAgent.swift */; };
		A2C2ADBC26D5B0CE00537971 /* SPENTLegacyImportAgent.swift in Sources */ = {isa = PBXBuildFile; fileRef = A2C2ADBB26D5B0CE00537971 /* SPENTLegacyImportAgent.swift */; };
		A2C4C0CE2613E61A0048DB83 /* SPENTiOSApp.swift in Sources */ = {isa = PBXBuildFile; fileRef = A2C4C0CD2613E61A0048DB83 /* SPENTiOSApp.swift */; };
		A2C4C0D22613E61A0048DB83 /* Assets.xcassets in Resources */ = {isa = PBXBuildFile; fileRef = A2C4C0D12613E61A0048DB83 /* Assets.xcassets */; };
		A2C4C0D52613E61A0048DB83 /* Preview Assets.xcassets in Resources */ = {isa = PBXBuildFile; fileRef = A2C4C0D42613E61A0048DB83 /* Preview Assets.xcassets */; };
		A2C8351126DAE8FE00819F35 /* DBFileBookmark.swift in Sources */ = {isa = PBXBuildFile; fileRef = A2C8351026DAE8FE00819F35 /* DBFileBookmark.swift */; };
		A2CE549526A87F1E00DB9955 /* TagPicker.swift in Sources */ = {isa = PBXBuildFile; fileRef = A2CE549426A87F1E00DB9955 /* TagPicker.swift */; };
		A2CE549626A87F1E00DB9955 /* TagPicker.swift in Sources */ = {isa = PBXBuildFile; fileRef = A2CE549426A87F1E00DB9955 /* TagPicker.swift */; };
		A2CE549826A881E700DB9955 /* ScheduleManager.swift in Sources */ = {isa = PBXBuildFile; fileRef = A2CE549726A881E700DB9955 /* ScheduleManager.swift */; };
		A2CE549926A881E700DB9955 /* ScheduleManager.swift in Sources */ = {isa = PBXBuildFile; fileRef = A2CE549726A881E700DB9955 /* ScheduleManager.swift */; };
		A2DA01152706AE83007167EA /* BucketBalance.swift in Sources */ = {isa = PBXBuildFile; fileRef = A2DA01142706AE83007167EA /* BucketBalance.swift */; };
		A2DA01162706AE83007167EA /* BucketBalance.swift in Sources */ = {isa = PBXBuildFile; fileRef = A2DA01142706AE83007167EA /* BucketBalance.swift */; };
		A2DFFD1626ED6BED00B6CBE6 /* TransactionBalance.swift in Sources */ = {isa = PBXBuildFile; fileRef = A2DFFD1526ED6BED00B6CBE6 /* TransactionBalance.swift */; };
		A2DFFD1726ED6BED00B6CBE6 /* TransactionBalance.swift in Sources */ = {isa = PBXBuildFile; fileRef = A2DFFD1526ED6BED00B6CBE6 /* TransactionBalance.swift */; };
		A2DFFD1C26ED924700B6CBE6 /* SPENTV0ImportAgent.swift in Sources */ = {isa = PBXBuildFile; fileRef = A2DFFD1B26ED924700B6CBE6 /* SPENTV0ImportAgent.swift */; };
		A2DFFD1D26ED924700B6CBE6 /* SPENTV0ImportAgent.swift in Sources */ = {isa = PBXBuildFile; fileRef = A2DFFD1B26ED924700B6CBE6 /* SPENTV0ImportAgent.swift */; };
		A2E0F52E26F4043E002EC601 /* DBTransactionTemplate.swift in Sources */ = {isa = PBXBuildFile; fileRef = A2E0F52D26F4043E002EC601 /* DBTransactionTemplate.swift */; };
		A2E0F53326F40BF8002EC601 /* TransactionTemplate.swift in Sources */ = {isa = PBXBuildFile; fileRef = A2E0F53226F40BF8002EC601 /* TransactionTemplate.swift */; };
		A2EC30A1269743DC00781EC8 /* GlobalState.swift in Sources */ = {isa = PBXBuildFile; fileRef = A2EC30A0269743DC00781EC8 /* GlobalState.swift */; };
		A2EC30A2269743DC00781EC8 /* GlobalState.swift in Sources */ = {isa = PBXBuildFile; fileRef = A2EC30A0269743DC00781EC8 /* GlobalState.swift */; };
		A2EC30A42697544800781EC8 /* AccountNavigation.swift in Sources */ = {isa = PBXBuildFile; fileRef = A2EC30A32697544800781EC8 /* AccountNavigation.swift */; };
		A2EC30A72697571C00781EC8 /* SettingsView.swift in Sources */ = {isa = PBXBuildFile; fileRef = A2EC30A62697571C00781EC8 /* SettingsView.swift */; };
		A2EC30A9269758AB00781EC8 /* EditAccountListView.swift in Sources */ = {isa = PBXBuildFile; fileRef = A2EC30A8269758AB00781EC8 /* EditAccountListView.swift */; };
		A2EE03F1268512400092F63E /* BalanceTable.swift in Sources */ = {isa = PBXBuildFile; fileRef = A20DCD74264ED0270070EB07 /* BalanceTable.swift */; };
		A2EE03FA268518BF0092F63E /* iOSTransactionListView.swift in Sources */ = {isa = PBXBuildFile; fileRef = A2EE03F9268518BF0092F63E /* iOSTransactionListView.swift */; };
		A2F18BCE26B2DF82009BA9F4 /* SplitTransactionForm.swift in Sources */ = {isa = PBXBuildFile; fileRef = A2F18BCC26B2DF82009BA9F4 /* SplitTransactionForm.swift */; };
		A2F18BD026B2E312009BA9F4 /* SplitTransactionMemberList.swift in Sources */ = {isa = PBXBuildFile; fileRef = A2F18BCF26B2E312009BA9F4 /* SplitTransactionMemberList.swift */; };
		A2F18BD226B496E1009BA9F4 /* SplitMemberForm.swift in Sources */ = {isa = PBXBuildFile; fileRef = A2F18BD126B496E1009BA9F4 /* SplitMemberForm.swift */; };
/* End PBXBuildFile section */

/* Begin PBXFileReference section */
		A206D77F267C10BA00CB094D /* Schedule.swift */ = {isa = PBXFileReference; lastKnownFileType = sourcecode.swift; path = Schedule.swift; sourceTree = "<group>"; };
		A206D782267C110600CB094D /* Attachment.swift */ = {isa = PBXFileReference; lastKnownFileType = sourcecode.swift; path = Attachment.swift; sourceTree = "<group>"; };
		A206D785267C111F00CB094D /* TransactionAttachment.swift */ = {isa = PBXFileReference; lastKnownFileType = sourcecode.swift; path = TransactionAttachment.swift; sourceTree = "<group>"; };
		A20781EC265E954C00DE372A /* BucketRequest.swift */ = {isa = PBXFileReference; lastKnownFileType = sourcecode.swift; path = BucketRequest.swift; sourceTree = "<group>"; };
		A20781F6266001CC00DE372A /* TransactionTags.swift */ = {isa = PBXFileReference; lastKnownFileType = sourcecode.swift; path = TransactionTags.swift; sourceTree = "<group>"; };
		A20B3C9E26558BB400555CF1 /* TagRequest.swift */ = {isa = PBXFileReference; lastKnownFileType = sourcecode.swift; path = TagRequest.swift; sourceTree = "<group>"; };
		A20DAF6C26701A4300347205 /* HomeView.swift */ = {isa = PBXFileReference; lastKnownFileType = sourcecode.swift; path = HomeView.swift; sourceTree = "<group>"; };
		A20DAF7A2671509B00347205 /* TransactionForm.swift */ = {isa = PBXFileReference; lastKnownFileType = sourcecode.swift; path = TransactionForm.swift; sourceTree = "<group>"; };
		A20DAF7C2671802A00347205 /* TransactionRow.swift */ = {isa = PBXFileReference; lastKnownFileType = sourcecode.swift; path = TransactionRow.swift; sourceTree = "<group>"; };
		A20DCD68264EBC260070EB07 /* Transaction.swift */ = {isa = PBXFileReference; lastKnownFileType = sourcecode.swift; path = Transaction.swift; sourceTree = "<group>"; };
		A20DCD6B264EBC470070EB07 /* Bucket.swift */ = {isa = PBXFileReference; lastKnownFileType = sourcecode.swift; path = Bucket.swift; sourceTree = "<group>"; };
		A20DCD74264ED0270070EB07 /* BalanceTable.swift */ = {isa = PBXFileReference; lastKnownFileType = sourcecode.swift; path = BalanceTable.swift; sourceTree = "<group>"; };
		A20DCD76264ED04A0070EB07 /* BucketRow.swift */ = {isa = PBXFileReference; lastKnownFileType = sourcecode.swift; path = BucketRow.swift; sourceTree = "<group>"; };
		A20DCD78264ED0620070EB07 /* BucketForm.swift */ = {isa = PBXFileReference; lastKnownFileType = sourcecode.swift; path = BucketForm.swift; sourceTree = "<group>"; };
		A20DCD82264EEB510070EB07 /* Tag.swift */ = {isa = PBXFileReference; lastKnownFileType = sourcecode.swift; path = Tag.swift; sourceTree = "<group>"; };
		A217EA9726A9BB08004388FF /* AccountForm.swift */ = {isa = PBXFileReference; lastKnownFileType = sourcecode.swift; path = AccountForm.swift; sourceTree = "<group>"; };
		A217EA9C26A9C1C2004388FF /* FormKeys.swift */ = {isa = PBXFileReference; lastKnownFileType = sourcecode.swift; path = FormKeys.swift; sourceTree = "<group>"; };
		A217EAA026A9CD57004388FF /* AlertKeys.swift */ = {isa = PBXFileReference; lastKnownFileType = sourcecode.swift; path = AlertKeys.swift; sourceTree = "<group>"; };
		A217EAA226A9D7A0004388FF /* TransferForm.swift */ = {isa = PBXFileReference; lastKnownFileType = sourcecode.swift; path = TransferForm.swift; sourceTree = "<group>"; };
		A2202ACB26E551EA0060D94A /* SortingWrapperView.swift */ = {isa = PBXFileReference; lastKnownFileType = sourcecode.swift; path = SortingWrapperView.swift; sourceTree = "<group>"; };
		A2202ACE26E5547C0060D94A /* SortingAgent.swift */ = {isa = PBXFileReference; lastKnownFileType = sourcecode.swift; path = SortingAgent.swift; sourceTree = "<group>"; };
		A22727DF2616341900814696 /* iOS.entitlements */ = {isa = PBXFileReference; fileEncoding = 4; lastKnownFileType = text.plist.entitlements; path = iOS.entitlements; sourceTree = "<group>"; };
		A228FC58264C571800CD5BB6 /* Query.swift */ = {isa = PBXFileReference; lastKnownFileType = sourcecode.swift; path = Query.swift; sourceTree = "<group>"; };
		A228FC5B264C574C00CD5BB6 /* TransactionRequest.swift */ = {isa = PBXFileReference; lastKnownFileType = sourcecode.swift; path = TransactionRequest.swift; sourceTree = "<group>"; };
		A228FC5E264C57E700CD5BB6 /* AppDatabase.swift */ = {isa = PBXFileReference; lastKnownFileType = sourcecode.swift; path = AppDatabase.swift; sourceTree = "<group>"; };
		A22FA30B270F40BF00C0A3CF /* DocumentListView.swift */ = {isa = PBXFileReference; lastKnownFileType = sourcecode.swift; path = DocumentListView.swift; sourceTree = "<group>"; };
		A22FA30D270F417500C0A3CF /* AttachmentRequest.swift */ = {isa = PBXFileReference; lastKnownFileType = sourcecode.swift; path = AttachmentRequest.swift; sourceTree = "<group>"; };
		A230C0C6270CEB55000C739F /* TemplateForm.swift */ = {isa = PBXFileReference; lastKnownFileType = sourcecode.swift; path = TemplateForm.swift; sourceTree = "<group>"; };
		A230C0C8270CF320000C739F /* TemplateManagerView.swift */ = {isa = PBXFileReference; lastKnownFileType = sourcecode.swift; path = TemplateManagerView.swift; sourceTree = "<group>"; };
		A230C0CA270CF3FB000C739F /* TemplateRequest.swift */ = {isa = PBXFileReference; lastKnownFileType = sourcecode.swift; path = TemplateRequest.swift; sourceTree = "<group>"; };
		A24033C12672898C00A2B5CE /* CurrencyText.swift */ = {isa = PBXFileReference; lastKnownFileType = sourcecode.swift; path = CurrencyText.swift; sourceTree = "<group>"; };
		A2487765265582A7002D7D9F /* TagForm.swift */ = {isa = PBXFileReference; lastKnownFileType = sourcecode.swift; path = TagForm.swift; sourceTree = "<group>"; };
		A24CF68526814EDA0037BBEF /* BucketBalanceRequest.swift */ = {isa = PBXFileReference; lastKnownFileType = sourcecode.swift; path = BucketBalanceRequest.swift; sourceTree = "<group>"; };
		A257FC3026D7ED7600383855 /* PreferenceKeys.swift */ = {isa = PBXFileReference; lastKnownFileType = sourcecode.swift; path = PreferenceKeys.swift; sourceTree = "<group>"; };
		A257FC3226D7F5C400383855 /* MainView.swift */ = {isa = PBXFileReference; lastKnownFileType = sourcecode.swift; path = MainView.swift; sourceTree = "<group>"; };
		A257FC3426D7F62400383855 /* TagManagerView.swift */ = {isa = PBXFileReference; lastKnownFileType = sourcecode.swift; path = TagManagerView.swift; sourceTree = "<group>"; };
		A257FC3626D7FA7C00383855 /* ScheduleManagerView.swift */ = {isa = PBXFileReference; lastKnownFileType = sourcecode.swift; path = ScheduleManagerView.swift; sourceTree = "<group>"; };
		A257FC3826D800EE00383855 /* WindowKeys.swift */ = {isa = PBXFileReference; lastKnownFileType = sourcecode.swift; path = WindowKeys.swift; sourceTree = "<group>"; };
		A2676C72267CD04300548F06 /* TransactionsView.swift */ = {isa = PBXFileReference; lastKnownFileType = sourcecode.swift; path = TransactionsView.swift; sourceTree = "<group>"; };
		A2676C8C267E367900548F06 /* TableToolbar.swift */ = {isa = PBXFileReference; lastKnownFileType = sourcecode.swift; path = TableToolbar.swift; sourceTree = "<group>"; };
		A2676C8F267E3D2700548F06 /* ScheduleRequest.swift */ = {isa = PBXFileReference; lastKnownFileType = sourcecode.swift; path = ScheduleRequest.swift; sourceTree = "<group>"; };
		A2676C9B267E599400548F06 /* UIDatabaseConnector.swift */ = {isa = PBXFileReference; lastKnownFileType = sourcecode.swift; path = UIDatabaseConnector.swift; sourceTree = "<group>"; };
		A2676C9E267E630B00548F06 /* ScheduleForm.swift */ = {isa = PBXFileReference; lastKnownFileType = sourcecode.swift; path = ScheduleForm.swift; sourceTree = "<group>"; };
		A268902826E1163B00BB9330 /* TransactionList.swift */ = {isa = PBXFileReference; lastKnownFileType = sourcecode.swift; path = TransactionList.swift; sourceTree = "<group>"; };
		A268902A26E1501200BB9330 /* SingleBucketRequest.swift */ = {isa = PBXFileReference; lastKnownFileType = sourcecode.swift; path = SingleBucketRequest.swift; sourceTree = "<group>"; };
		A268902C26E152F800BB9330 /* AccountRequest.swift */ = {isa = PBXFileReference; lastKnownFileType = sourcecode.swift; path = AccountRequest.swift; sourceTree = "<group>"; };
		A26B732126909A850082A0F6 /* QueryWrapperView.swift */ = {isa = PBXFileReference; lastKnownFileType = sourcecode.swift; path = QueryWrapperView.swift; sourceTree = "<group>"; };
		A26B73242690A6FF0082A0F6 /* BucketNode.swift */ = {isa = PBXFileReference; lastKnownFileType = sourcecode.swift; path = BucketNode.swift; sourceTree = "<group>"; };
		A26B732A2690A9650082A0F6 /* TransactionModelRequest.swift */ = {isa = PBXFileReference; lastKnownFileType = sourcecode.swift; path = TransactionModelRequest.swift; sourceTree = "<group>"; };
		A26B732D2690AE710082A0F6 /* TransactionFilter.swift */ = {isa = PBXFileReference; lastKnownFileType = sourcecode.swift; path = TransactionFilter.swift; sourceTree = "<group>"; };
		A26B73332690BF2B0082A0F6 /* TransactionData.swift */ = {isa = PBXFileReference; lastKnownFileType = sourcecode.swift; path = TransactionData.swift; sourceTree = "<group>"; };
		A26B73382690CBAC0082A0F6 /* TransactionView.swift */ = {isa = PBXFileReference; lastKnownFileType = sourcecode.swift; path = TransactionView.swift; sourceTree = "<group>"; };
		A276B57A26D887D3003C24E2 /* AppConfiguration.swift */ = {isa = PBXFileReference; lastKnownFileType = sourcecode.swift; path = AppConfiguration.swift; sourceTree = "<group>"; };
		A2780859268BC63900CEA560 /* TransactionTagForm.swift */ = {isa = PBXFileReference; lastKnownFileType = sourcecode.swift; path = TransactionTagForm.swift; sourceTree = "<group>"; };
		A2780862268E4AF900CEA560 /* BucketPicker.swift */ = {isa = PBXFileReference; lastKnownFileType = sourcecode.swift; path = BucketPicker.swift; sourceTree = "<group>"; };
		A2780865268E55F600CEA560 /* EnumPicker.swift */ = {isa = PBXFileReference; lastKnownFileType = sourcecode.swift; path = EnumPicker.swift; sourceTree = "<group>"; };
		A2780868268E588000CEA560 /* Stringable.swift */ = {isa = PBXFileReference; lastKnownFileType = sourcecode.swift; path = Stringable.swift; sourceTree = "<group>"; };
		A278086B268E668C00CEA560 /* SchedulePicker.swift */ = {isa = PBXFileReference; lastKnownFileType = sourcecode.swift; path = SchedulePicker.swift; sourceTree = "<group>"; };
		A2A5670D262740EC009C7E8C /* SPENT.app */ = {isa = PBXFileReference; explicitFileType = wrapper.application; includeInIndex = 0; path = SPENT.app; sourceTree = BUILT_PRODUCTS_DIR; };
		A2A5670F262740EC009C7E8C /* SPENT.swift */ = {isa = PBXFileReference; lastKnownFileType = sourcecode.swift; path = SPENT.swift; sourceTree = "<group>"; };
		A2A56713262740ED009C7E8C /* Assets.xcassets */ = {isa = PBXFileReference; lastKnownFileType = folder.assetcatalog; path = Assets.xcassets; sourceTree = "<group>"; };
		A2A56716262740ED009C7E8C /* Preview Assets.xcassets */ = {isa = PBXFileReference; lastKnownFileType = folder.assetcatalog; path = "Preview Assets.xcassets"; sourceTree = "<group>"; };
		A2A56718262740ED009C7E8C /* Info.plist */ = {isa = PBXFileReference; lastKnownFileType = text.plist.xml; path = Info.plist; sourceTree = "<group>"; };
		A2A56719262740ED009C7E8C /* macOS.entitlements */ = {isa = PBXFileReference; lastKnownFileType = text.plist.entitlements; path = macOS.entitlements; sourceTree = "<group>"; };
		A2A56734262747A7009C7E8C /* SplashView.swift */ = {isa = PBXFileReference; lastKnownFileType = sourcecode.swift; path = SplashView.swift; sourceTree = "<group>"; };
		A2A56737262879BD009C7E8C /* Util.swift */ = {isa = PBXFileReference; lastKnownFileType = sourcecode.swift; path = Util.swift; sourceTree = "<group>"; };
		A2AA26E1270E937E00794C6C /* DebugUtil.swift */ = {isa = PBXFileReference; lastKnownFileType = sourcecode.swift; path = DebugUtil.swift; sourceTree = "<group>"; };
		A2C2ADAD26D58B9300537971 /* TransactionContextMenu.swift */ = {isa = PBXFileReference; lastKnownFileType = sourcecode.swift; path = TransactionContextMenu.swift; sourceTree = "<group>"; };
		A2C2ADB026D58D7100537971 /* WelcomeSheet.swift */ = {isa = PBXFileReference; lastKnownFileType = sourcecode.swift; path = WelcomeSheet.swift; sourceTree = "<group>"; };
		A2C2ADB226D58F0200537971 /* GeneralSettingsView.swift */ = {isa = PBXFileReference; lastKnownFileType = sourcecode.swift; path = GeneralSettingsView.swift; sourceTree = "<group>"; };
		A2C2ADB426D58F1F00537971 /* SettingsView.swift */ = {isa = PBXFileReference; lastKnownFileType = sourcecode.swift; path = SettingsView.swift; sourceTree = "<group>"; };
		A2C2ADB726D58F7D00537971 /* AccountContextMenu.swift */ = {isa = PBXFileReference; lastKnownFileType = sourcecode.swift; path = AccountContextMenu.swift; sourceTree = "<group>"; };
		A2C2ADB926D5AF2E00537971 /* ImportAgent.swift */ = {isa = PBXFileReference; lastKnownFileType = sourcecode.swift; path = ImportAgent.swift; sourceTree = "<group>"; };
		A2C2ADBB26D5B0CE00537971 /* SPENTLegacyImportAgent.swift */ = {isa = PBXFileReference; lastKnownFileType = sourcecode.swift; path = SPENTLegacyImportAgent.swift; sourceTree = "<group>"; };
		A2C4C0CA2613E61A0048DB83 /* SPENT.app */ = {isa = PBXFileReference; explicitFileType = wrapper.application; includeInIndex = 0; path = SPENT.app; sourceTree = BUILT_PRODUCTS_DIR; };
		A2C4C0CD2613E61A0048DB83 /* SPENTiOSApp.swift */ = {isa = PBXFileReference; lastKnownFileType = sourcecode.swift; path = SPENTiOSApp.swift; sourceTree = "<group>"; };
		A2C4C0D12613E61A0048DB83 /* Assets.xcassets */ = {isa = PBXFileReference; lastKnownFileType = folder.assetcatalog; path = Assets.xcassets; sourceTree = "<group>"; };
		A2C4C0D42613E61A0048DB83 /* Preview Assets.xcassets */ = {isa = PBXFileReference; lastKnownFileType = folder.assetcatalog; path = "Preview Assets.xcassets"; sourceTree = "<group>"; };
		A2C4C0D62613E61A0048DB83 /* Info.plist */ = {isa = PBXFileReference; lastKnownFileType = text.plist.xml; path = Info.plist; sourceTree = "<group>"; };
		A2C8351026DAE8FE00819F35 /* DBFileBookmark.swift */ = {isa = PBXFileReference; lastKnownFileType = sourcecode.swift; path = DBFileBookmark.swift; sourceTree = "<group>"; };
		A2CE549426A87F1E00DB9955 /* TagPicker.swift */ = {isa = PBXFileReference; lastKnownFileType = sourcecode.swift; path = TagPicker.swift; sourceTree = "<group>"; };
		A2CE549726A881E700DB9955 /* ScheduleManager.swift */ = {isa = PBXFileReference; lastKnownFileType = sourcecode.swift; path = ScheduleManager.swift; sourceTree = "<group>"; };
		A2DA01142706AE83007167EA /* BucketBalance.swift */ = {isa = PBXFileReference; lastKnownFileType = sourcecode.swift; path = BucketBalance.swift; sourceTree = "<group>"; };
		A2DFFD1526ED6BED00B6CBE6 /* TransactionBalance.swift */ = {isa = PBXFileReference; lastKnownFileType = sourcecode.swift; path = TransactionBalance.swift; sourceTree = "<group>"; };
		A2DFFD1B26ED924700B6CBE6 /* SPENTV0ImportAgent.swift */ = {isa = PBXFileReference; lastKnownFileType = sourcecode.swift; path = SPENTV0ImportAgent.swift; sourceTree = "<group>"; };
		A2E0F52D26F4043E002EC601 /* DBTransactionTemplate.swift */ = {isa = PBXFileReference; lastKnownFileType = sourcecode.swift; path = DBTransactionTemplate.swift; sourceTree = "<group>"; };
		A2E0F53226F40BF8002EC601 /* TransactionTemplate.swift */ = {isa = PBXFileReference; lastKnownFileType = sourcecode.swift; path = TransactionTemplate.swift; sourceTree = "<group>"; };
		A2EC30A0269743DC00781EC8 /* GlobalState.swift */ = {isa = PBXFileReference; lastKnownFileType = sourcecode.swift; path = GlobalState.swift; sourceTree = "<group>"; };
		A2EC30A32697544800781EC8 /* AccountNavigation.swift */ = {isa = PBXFileReference; lastKnownFileType = sourcecode.swift; path = AccountNavigation.swift; sourceTree = "<group>"; };
		A2EC30A62697571C00781EC8 /* SettingsView.swift */ = {isa = PBXFileReference; lastKnownFileType = sourcecode.swift; path = SettingsView.swift; sourceTree = "<group>"; };
		A2EC30A8269758AB00781EC8 /* EditAccountListView.swift */ = {isa = PBXFileReference; lastKnownFileType = sourcecode.swift; path = EditAccountListView.swift; sourceTree = "<group>"; };
		A2EE03F9268518BF0092F63E /* iOSTransactionListView.swift */ = {isa = PBXFileReference; lastKnownFileType = sourcecode.swift; path = iOSTransactionListView.swift; sourceTree = "<group>"; };
		A2F18BCC26B2DF82009BA9F4 /* SplitTransactionForm.swift */ = {isa = PBXFileReference; lastKnownFileType = sourcecode.swift; path = SplitTransactionForm.swift; sourceTree = "<group>"; };
		A2F18BCF26B2E312009BA9F4 /* SplitTransactionMemberList.swift */ = {isa = PBXFileReference; lastKnownFileType = sourcecode.swift; path = SplitTransactionMemberList.swift; sourceTree = "<group>"; };
		A2F18BD126B496E1009BA9F4 /* SplitMemberForm.swift */ = {isa = PBXFileReference; lastKnownFileType = sourcecode.swift; path = SplitMemberForm.swift; sourceTree = "<group>"; };
/* End PBXFileReference section */

/* Begin PBXFrameworksBuildPhase section */
		A2A5670A262740EC009C7E8C /* Frameworks */ = {
			isa = PBXFrameworksBuildPhase;
			buildActionMask = 2147483647;
			files = (
				A230C0CE270E0970000C739F /* Libical in Frameworks */,
				A217EA9B26A9BF1A004388FF /* SwiftUIKit in Frameworks */,
				A21C63D327074D36002D3084 /* GRDB in Frameworks */,
				A230C0D0270E0970000C739F /* SwiftIcal in Frameworks */,
			);
			runOnlyForDeploymentPostprocessing = 0;
		};
		A2C4C0C72613E61A0048DB83 /* Frameworks */ = {
			isa = PBXFrameworksBuildPhase;
			buildActionMask = 2147483647;
			files = (
				A2C2ADA126D5878A00537971 /* SwiftUIKit in Frameworks */,
			);
			runOnlyForDeploymentPostprocessing = 0;
		};
/* End PBXFrameworksBuildPhase section */

/* Begin PBXGroup section */
		A206D788267C46FF00CB094D /* Database */ = {
			isa = PBXGroup;
			children = (
				A206D785267C111F00CB094D /* TransactionAttachment.swift */,
				A2E0F52D26F4043E002EC601 /* DBTransactionTemplate.swift */,
				A20781F6266001CC00DE372A /* TransactionTags.swift */,
				A20DCD68264EBC260070EB07 /* Transaction.swift */,
				A206D782267C110600CB094D /* Attachment.swift */,
				A20DCD6B264EBC470070EB07 /* Bucket.swift */,
				A20DCD82264EEB510070EB07 /* Tag.swift */,
				A206D77F267C10BA00CB094D /* Schedule.swift */,
				A2DFFD1526ED6BED00B6CBE6 /* TransactionBalance.swift */,
				A2DA01142706AE83007167EA /* BucketBalance.swift */,
			);
			path = Database;
			sourceTree = "<group>";
		};
		A2072BA026EAF90B00E21B2A /* Frameworks */ = {
			isa = PBXGroup;
			children = (
			);
			name = Frameworks;
			sourceTree = "<group>";
		};
		A20781F92661627500DE372A /* Request */ = {
			isa = PBXGroup;
			children = (
				A228FC5B264C574C00CD5BB6 /* TransactionRequest.swift */,
				A22FA30D270F417500C0A3CF /* AttachmentRequest.swift */,
				A20B3C9E26558BB400555CF1 /* TagRequest.swift */,
				A230C0CA270CF3FB000C739F /* TemplateRequest.swift */,
				A2676C8F267E3D2700548F06 /* ScheduleRequest.swift */,
				A20781EC265E954C00DE372A /* BucketRequest.swift */,
				A268902C26E152F800BB9330 /* AccountRequest.swift */,
				A268902A26E1501200BB9330 /* SingleBucketRequest.swift */,
				A24CF68526814EDA0037BBEF /* BucketBalanceRequest.swift */,
				A26B732A2690A9650082A0F6 /* TransactionModelRequest.swift */,
				A26B732D2690AE710082A0F6 /* TransactionFilter.swift */,
			);
			path = Request;
			sourceTree = "<group>";
		};
		A20781FA266162A200DE372A /* Database */ = {
			isa = PBXGroup;
			children = (
				A228FC58264C571800CD5BB6 /* Query.swift */,
				A228FC5E264C57E700CD5BB6 /* AppDatabase.swift */,
				A276B57A26D887D3003C24E2 /* AppConfiguration.swift */,
				A2676C9B267E599400548F06 /* UIDatabaseConnector.swift */,
			);
			path = Database;
			sourceTree = "<group>";
		};
		A20781FD266168C600DE372A /* Forms */ = {
			isa = PBXGroup;
			children = (
				A2487765265582A7002D7D9F /* TagForm.swift */,
				A2780859268BC63900CEA560 /* TransactionTagForm.swift */,
				A20DCD78264ED0620070EB07 /* BucketForm.swift */,
				A217EA9726A9BB08004388FF /* AccountForm.swift */,
				A2676C9E267E630B00548F06 /* ScheduleForm.swift */,
				A20DAF7A2671509B00347205 /* TransactionForm.swift */,
				A217EAA226A9D7A0004388FF /* TransferForm.swift */,
				A2F18BD126B496E1009BA9F4 /* SplitMemberForm.swift */,
				A2F18BCC26B2DF82009BA9F4 /* SplitTransactionForm.swift */,
				A230C0C6270CEB55000C739F /* TemplateForm.swift */,
			);
			path = Forms;
			sourceTree = "<group>";
		};
		A20DCD67264EBBFC0070EB07 /* Model */ = {
			isa = PBXGroup;
			children = (
				A26B73332690BF2B0082A0F6 /* TransactionData.swift */,
				A26B73242690A6FF0082A0F6 /* BucketNode.swift */,
				A2EC30A0269743DC00781EC8 /* GlobalState.swift */,
				A2E0F53226F40BF8002EC601 /* TransactionTemplate.swift */,
				A206D788267C46FF00CB094D /* Database */,
			);
			path = Model;
			sourceTree = "<group>";
		};
		A20DCD7A264ED0B80070EB07 /* View */ = {
			isa = PBXGroup;
			children = (
				A2A56734262747A7009C7E8C /* SplashView.swift */,
				A2C2ADAC26D58ABC00537971 /* Pickers */,
				A26B732126909A850082A0F6 /* QueryWrapperView.swift */,
				A2202ACB26E551EA0060D94A /* SortingWrapperView.swift */,
				A24033C12672898C00A2B5CE /* CurrencyText.swift */,
				A20DCD74264ED0270070EB07 /* BalanceTable.swift */,
				A2676C8C267E367900548F06 /* TableToolbar.swift */,
				A20DCD76264ED04A0070EB07 /* BucketRow.swift */,
				A20DAF7C2671802A00347205 /* TransactionRow.swift */,
			);
			path = View;
			sourceTree = "<group>";
		};
		A20DCD7B264ED0C50070EB07 /* Shared */ = {
			isa = PBXGroup;
			children = (
				A2C2ADB926D5AF2E00537971 /* ImportAgent.swift */,
				A2C2ADBB26D5B0CE00537971 /* SPENTLegacyImportAgent.swift */,
				A2DFFD1B26ED924700B6CBE6 /* SPENTV0ImportAgent.swift */,
				A26B73302690BC8C0082A0F6 /* Utility */,
				A20DCD7A264ED0B80070EB07 /* View */,
				A20DCD67264EBBFC0070EB07 /* Model */,
				A2A5671D262741F4009C7E8C /* Control */,
				A2202ACE26E5547C0060D94A /* SortingAgent.swift */,
			);
			path = Shared;
			sourceTree = "<group>";
		};
		A26B73302690BC8C0082A0F6 /* Utility */ = {
			isa = PBXGroup;
			children = (
				A2780868268E588000CEA560 /* Stringable.swift */,
				A2A56737262879BD009C7E8C /* Util.swift */,
				A2AA26E1270E937E00794C6C /* DebugUtil.swift */,
			);
			path = Utility;
			sourceTree = "<group>";
		};
		A26B73322690BDAF0082A0F6 /* View */ = {
			isa = PBXGroup;
			children = (
				A257FC3226D7F5C400383855 /* MainView.swift */,
				A20DAF6C26701A4300347205 /* HomeView.swift */,
				A257FC3626D7FA7C00383855 /* ScheduleManagerView.swift */,
				A230C0C8270CF320000C739F /* TemplateManagerView.swift */,
				A257FC3426D7F62400383855 /* TagManagerView.swift */,
				A2C2ADB426D58F1F00537971 /* SettingsView.swift */,
				A2C2ADB226D58F0200537971 /* GeneralSettingsView.swift */,
				A2676C72267CD04300548F06 /* TransactionsView.swift */,
				A22FA30B270F40BF00C0A3CF /* DocumentListView.swift */,
				A2C2ADB026D58D7100537971 /* WelcomeSheet.swift */,
				A268902826E1163B00BB9330 /* TransactionList.swift */,
				A2F18BCF26B2E312009BA9F4 /* SplitTransactionMemberList.swift */,
				A2C2ADAD26D58B9300537971 /* TransactionContextMenu.swift */,
				A2C2ADB726D58F7D00537971 /* AccountContextMenu.swift */,
				A20781FD266168C600DE372A /* Forms */,
			);
			path = View;
			sourceTree = "<group>";
		};
		A2A5670E262740EC009C7E8C /* macOS */ = {
			isa = PBXGroup;
			children = (
				A2A5670F262740EC009C7E8C /* SPENT.swift */,
				A257FC3026D7ED7600383855 /* PreferenceKeys.swift */,
				A257FC3826D800EE00383855 /* WindowKeys.swift */,
				A217EA9C26A9C1C2004388FF /* FormKeys.swift */,
				A217EAA026A9CD57004388FF /* AlertKeys.swift */,
				A26B73322690BDAF0082A0F6 /* View */,
				A2A56713262740ED009C7E8C /* Assets.xcassets */,
				A2A56718262740ED009C7E8C /* Info.plist */,
				A2A56719262740ED009C7E8C /* macOS.entitlements */,
				A2A56715262740ED009C7E8C /* Preview Content */,
				A2C8351026DAE8FE00819F35 /* DBFileBookmark.swift */,
			);
			path = macOS;
			sourceTree = "<group>";
		};
		A2A56715262740ED009C7E8C /* Preview Content */ = {
			isa = PBXGroup;
			children = (
				A2A56716262740ED009C7E8C /* Preview Assets.xcassets */,
			);
			path = "Preview Content";
			sourceTree = "<group>";
		};
		A2A5671D262741F4009C7E8C /* Control */ = {
			isa = PBXGroup;
			children = (
				A20781FA266162A200DE372A /* Database */,
				A20781F92661627500DE372A /* Request */,
				A2CE549726A881E700DB9955 /* ScheduleManager.swift */,
			);
			path = Control;
			sourceTree = "<group>";
		};
		A2C2ADA826D58A8100537971 /* View */ = {
			isa = PBXGroup;
			children = (
			);
			path = View;
			sourceTree = "<group>";
		};
		A2C2ADAC26D58ABC00537971 /* Pickers */ = {
			isa = PBXGroup;
			children = (
				A2CE549426A87F1E00DB9955 /* TagPicker.swift */,
				A278086B268E668C00CEA560 /* SchedulePicker.swift */,
				A2780865268E55F600CEA560 /* EnumPicker.swift */,
				A2780862268E4AF900CEA560 /* BucketPicker.swift */,
			);
			path = Pickers;
			sourceTree = "<group>";
		};
		A2C4C0C12613E61A0048DB83 = {
			isa = PBXGroup;
			children = (
				A20DCD7B264ED0C50070EB07 /* Shared */,
				A2C4C0CC2613E61A0048DB83 /* iOS */,
				A2A5670E262740EC009C7E8C /* macOS */,
				A2C4C0CB2613E61A0048DB83 /* Products */,
				A2072BA026EAF90B00E21B2A /* Frameworks */,
			);
			sourceTree = "<group>";
		};
		A2C4C0CB2613E61A0048DB83 /* Products */ = {
			isa = PBXGroup;
			children = (
				A2C4C0CA2613E61A0048DB83 /* SPENT.app */,
				A2A5670D262740EC009C7E8C /* SPENT.app */,
			);
			name = Products;
			sourceTree = "<group>";
		};
		A2C4C0CC2613E61A0048DB83 /* iOS */ = {
			isa = PBXGroup;
			children = (
				A2C2ADA826D58A8100537971 /* View */,
				A2C4C0CD2613E61A0048DB83 /* SPENTiOSApp.swift */,
				A2EE03F9268518BF0092F63E /* iOSTransactionListView.swift */,
				A2EC30A32697544800781EC8 /* AccountNavigation.swift */,
				A26B73382690CBAC0082A0F6 /* TransactionView.swift */,
				A2EC30A62697571C00781EC8 /* SettingsView.swift */,
				A2C4C0D12613E61A0048DB83 /* Assets.xcassets */,
				A2C4C0D62613E61A0048DB83 /* Info.plist */,
				A22727DF2616341900814696 /* iOS.entitlements */,
				A2C4C0D32613E61A0048DB83 /* Preview Content */,
				A2EC30A8269758AB00781EC8 /* EditAccountListView.swift */,
			);
			path = iOS;
			sourceTree = "<group>";
		};
		A2C4C0D32613E61A0048DB83 /* Preview Content */ = {
			isa = PBXGroup;
			children = (
				A2C4C0D42613E61A0048DB83 /* Preview Assets.xcassets */,
			);
			path = "Preview Content";
			sourceTree = "<group>";
		};
/* End PBXGroup section */

/* Begin PBXNativeTarget section */
		A2A5670C262740EC009C7E8C /* macOS */ = {
			isa = PBXNativeTarget;
			buildConfigurationList = A2A5671C262740ED009C7E8C /* Build configuration list for PBXNativeTarget "macOS" */;
			buildPhases = (
				A2A56709262740EC009C7E8C /* Sources */,
				A2DA8F3C269BE32C00DD77D1 /* ShellScript */,
				A2A5670A262740EC009C7E8C /* Frameworks */,
				A2A5670B262740EC009C7E8C /* Resources */,
			);
			buildRules = (
			);
			dependencies = (
			);
			name = macOS;
			packageProductDependencies = (
				A217EA9A26A9BF1A004388FF /* SwiftUIKit */,
				A21C63D227074D36002D3084 /* GRDB */,
				A230C0CD270E0970000C739F /* Libical */,
				A230C0CF270E0970000C739F /* SwiftIcal */,
			);
			productName = macOS;
			productReference = A2A5670D262740EC009C7E8C /* SPENT.app */;
			productType = "com.apple.product-type.application";
		};
		A2C4C0C92613E61A0048DB83 /* iOS */ = {
			isa = PBXNativeTarget;
			buildConfigurationList = A2C4C0D92613E61A0048DB83 /* Build configuration list for PBXNativeTarget "iOS" */;
			buildPhases = (
				A2C4C0C62613E61A0048DB83 /* Sources */,
				A2C4C0C72613E61A0048DB83 /* Frameworks */,
				A2C4C0C82613E61A0048DB83 /* Resources */,
			);
			buildRules = (
			);
			dependencies = (
			);
			name = iOS;
			packageProductDependencies = (
				A2C2ADA026D5878A00537971 /* SwiftUIKit */,
			);
			productName = SPENT;
			productReference = A2C4C0CA2613E61A0048DB83 /* SPENT.app */;
			productType = "com.apple.product-type.application";
		};
/* End PBXNativeTarget section */

/* Begin PBXProject section */
		A2C4C0C22613E61A0048DB83 /* Project object */ = {
			isa = PBXProject;
			attributes = {
				LastSwiftUpdateCheck = 1250;
				LastUpgradeCheck = 1250;
				TargetAttributes = {
					A2A5670C262740EC009C7E8C = {
						CreatedOnToolsVersion = 12.5;
					};
					A2C4C0C92613E61A0048DB83 = {
						CreatedOnToolsVersion = 12.5;
						LastSwiftMigration = 1250;
					};
				};
			};
			buildConfigurationList = A2C4C0C52613E61A0048DB83 /* Build configuration list for PBXProject "SPENT" */;
			compatibilityVersion = "Xcode 9.3";
			developmentRegion = en;
			hasScannedForEncodings = 0;
			knownRegions = (
				en,
				Base,
			);
			mainGroup = A2C4C0C12613E61A0048DB83;
			packageReferences = (
				A217EA9926A9BF1A004388FF /* XCRemoteSwiftPackageReference "SwiftUIKit" */,
				A21C63D127074D36002D3084 /* XCRemoteSwiftPackageReference "GRDB.swift" */,
				A230C0CC270E0970000C739F /* XCRemoteSwiftPackageReference "swift-ical" */,
			);
			productRefGroup = A2C4C0CB2613E61A0048DB83 /* Products */;
			projectDirPath = "";
			projectRoot = "";
			targets = (
				A2C4C0C92613E61A0048DB83 /* iOS */,
				A2A5670C262740EC009C7E8C /* macOS */,
			);
		};
/* End PBXProject section */

/* Begin PBXResourcesBuildPhase section */
		A2A5670B262740EC009C7E8C /* Resources */ = {
			isa = PBXResourcesBuildPhase;
			buildActionMask = 2147483647;
			files = (
				A2A56717262740ED009C7E8C /* Preview Assets.xcassets in Resources */,
				A2A56714262740ED009C7E8C /* Assets.xcassets in Resources */,
			);
			runOnlyForDeploymentPostprocessing = 0;
		};
		A2C4C0C82613E61A0048DB83 /* Resources */ = {
			isa = PBXResourcesBuildPhase;
			buildActionMask = 2147483647;
			files = (
				A2C4C0D52613E61A0048DB83 /* Preview Assets.xcassets in Resources */,
				A2C4C0D22613E61A0048DB83 /* Assets.xcassets in Resources */,
			);
			runOnlyForDeploymentPostprocessing = 0;
		};
/* End PBXResourcesBuildPhase section */

/* Begin PBXShellScriptBuildPhase section */
		A2DA8F3C269BE32C00DD77D1 /* ShellScript */ = {
			isa = PBXShellScriptBuildPhase;
			buildActionMask = 8;
			files = (
			);
			inputFileListPaths = (
			);
			inputPaths = (
			);
			outputFileListPaths = (
			);
			outputPaths = (
			);
			runOnlyForDeploymentPostprocessing = 1;
			shellPath = /bin/sh;
			shellScript = "# Type a script or drag a script file from your workspace to insert its path.\nCOMMIT_HASH=`git rev-parse --short HEAD`\n/usr/libexec/PlistBuddy -c \"Set :GIT_COMMIT_HASH $COMMIT_HASH\" \"${INFOPLIST_FILE}\"\n/usr/libexec/PlistBuddy -c \"Set :CFBundleVersion $COMMIT_HASH\" \"${INFOPLIST_FILE}\"\n";
		};
/* End PBXShellScriptBuildPhase section */

/* Begin PBXSourcesBuildPhase section */
		A2A56709262740EC009C7E8C /* Sources */ = {
			isa = PBXSourcesBuildPhase;
			buildActionMask = 2147483647;
			files = (
				A2202ACD26E551EA0060D94A /* SortingWrapperView.swift in Sources */,
				A257FC3926D800EE00383855 /* WindowKeys.swift in Sources */,
				A268902926E1163B00BB9330 /* TransactionList.swift in Sources */,
				A217EA9826A9BB08004388FF /* AccountForm.swift in Sources */,
				A2C2ADB826D58F7D00537971 /* AccountContextMenu.swift in Sources */,
				A2C2ADBA26D5AF2E00537971 /* ImportAgent.swift in Sources */,
				A2676C8E267E367900548F06 /* TableToolbar.swift in Sources */,
				A278085B268BC63900CEA560 /* TransactionTagForm.swift in Sources */,
				A26B732326909A850082A0F6 /* QueryWrapperView.swift in Sources */,
				A230C0C7270CEB55000C739F /* TemplateForm.swift in Sources */,
				A257FC3326D7F5C400383855 /* MainView.swift in Sources */,
				A20DCD84264EEB510070EB07 /* Tag.swift in Sources */,
				A20DCD6A264EBC260070EB07 /* Transaction.swift in Sources */,
				A2EC30A2269743DC00781EC8 /* GlobalState.swift in Sources */,
				A20DCD75264ED0270070EB07 /* BalanceTable.swift in Sources */,
				A2CE549626A87F1E00DB9955 /* TagPicker.swift in Sources */,
				A257FC3126D7ED7600383855 /* PreferenceKeys.swift in Sources */,
				A2780864268E4AF900CEA560 /* BucketPicker.swift in Sources */,
				A276B57C26D887D3003C24E2 /* AppConfiguration.swift in Sources */,
				A2C2ADAB26D58AAF00537971 /* TransactionRow.swift in Sources */,
				A2F18BCE26B2DF82009BA9F4 /* SplitTransactionForm.swift in Sources */,
				A230C0CB270CF3FB000C739F /* TemplateRequest.swift in Sources */,
				A20DCD77264ED04A0070EB07 /* BucketRow.swift in Sources */,
				A2A56736262747A8009C7E8C /* SplashView.swift in Sources */,
				A2CE549926A881E700DB9955 /* ScheduleManager.swift in Sources */,
				A24033C22672898C00A2B5CE /* CurrencyText.swift in Sources */,
				A22FA30E270F417500C0A3CF /* AttachmentRequest.swift in Sources */,
				A2F18BD026B2E312009BA9F4 /* SplitTransactionMemberList.swift in Sources */,
				A257FC3526D7F62400383855 /* TagManagerView.swift in Sources */,
				A20781F8266001CC00DE372A /* TransactionTags.swift in Sources */,
				A228FC5D264C574C00CD5BB6 /* TransactionRequest.swift in Sources */,
				A2F18BD226B496E1009BA9F4 /* SplitMemberForm.swift in Sources */,
				A206D784267C110600CB094D /* Attachment.swift in Sources */,
				A2C8351126DAE8FE00819F35 /* DBFileBookmark.swift in Sources */,
				A20B3C9D2655840600555CF1 /* TagForm.swift in Sources */,
				A2C2ADAE26D58B9300537971 /* TransactionContextMenu.swift in Sources */,
				A26B732C2690A9650082A0F6 /* TransactionModelRequest.swift in Sources */,
				A2C2ADB326D58F0200537971 /* GeneralSettingsView.swift in Sources */,
				A20DAF7B2671509B00347205 /* TransactionForm.swift in Sources */,
				A268902B26E1501200BB9330 /* SingleBucketRequest.swift in Sources */,
				A2C2ADB526D58F1F00537971 /* SettingsView.swift in Sources */,
				A20DCD79264ED0620070EB07 /* BucketForm.swift in Sources */,
				A278086D268E668C00CEA560 /* SchedulePicker.swift in Sources */,
				A228FC60264C57E700CD5BB6 /* AppDatabase.swift in Sources */,
				A20781EE265E954C00DE372A /* BucketRequest.swift in Sources */,
				A2202AD026E5547C0060D94A /* SortingAgent.swift in Sources */,
				A22FA30C270F40BF00C0A3CF /* DocumentListView.swift in Sources */,
				A24CF68726814EDA0037BBEF /* BucketBalanceRequest.swift in Sources */,
				A26B73262690A6FF0082A0F6 /* BucketNode.swift in Sources */,
				A2AA26E3270E937E00794C6C /* DebugUtil.swift in Sources */,
				A230C0C9270CF320000C739F /* TemplateManagerView.swift in Sources */,
				A26B73352690BF2B0082A0F6 /* TransactionData.swift in Sources */,
				A2676C9D267E599400548F06 /* UIDatabaseConnector.swift in Sources */,
				A206D787267C111F00CB094D /* TransactionAttachment.swift in Sources */,
				A206D781267C10BA00CB094D /* Schedule.swift in Sources */,
				A217EAA126A9CD57004388FF /* AlertKeys.swift in Sources */,
				A2676CA0267E630B00548F06 /* ScheduleForm.swift in Sources */,
				A2676C91267E3D2700548F06 /* ScheduleRequest.swift in Sources */,
				A217EAA326A9D7A0004388FF /* TransferForm.swift in Sources */,
				A2DFFD1D26ED924700B6CBE6 /* SPENTV0ImportAgent.swift in Sources */,
				A2780867268E55F600CEA560 /* EnumPicker.swift in Sources */,
				A228FC5A264C571800CD5BB6 /* Query.swift in Sources */,
				A2E0F53326F40BF8002EC601 /* TransactionTemplate.swift in Sources */,
				A268902D26E152F800BB9330 /* AccountRequest.swift in Sources */,
				A257FC3726D7FA7C00383855 /* ScheduleManagerView.swift in Sources */,
				A2C2ADBC26D5B0CE00537971 /* SPENTLegacyImportAgent.swift in Sources */,
				A217EA9D26A9C1C2004388FF /* FormKeys.swift in Sources */,
				A20B3C9F26558BB400555CF1 /* TagRequest.swift in Sources */,
				A278086A268E588000CEA560 /* Stringable.swift in Sources */,
				A2DFFD1726ED6BED00B6CBE6 /* TransactionBalance.swift in Sources */,
				A2676C73267CD04300548F06 /* TransactionsView.swift in Sources */,
				A26B732F2690AE710082A0F6 /* TransactionFilter.swift in Sources */,
				A20DCD6D264EBC470070EB07 /* Bucket.swift in Sources */,
				A2A56739262879BD009C7E8C /* Util.swift in Sources */,
				A2C2ADB126D58D7100537971 /* WelcomeSheet.swift in Sources */,
				A20DAF6D26701A4300347205 /* HomeView.swift in Sources */,
				A2A56710262740EC009C7E8C /* SPENT.swift in Sources */,
				A2DA01162706AE83007167EA /* BucketBalance.swift in Sources */,
				A2E0F52E26F4043E002EC601 /* DBTransactionTemplate.swift in Sources */,
			);
			runOnlyForDeploymentPostprocessing = 0;
		};
		A2C4C0C62613E61A0048DB83 /* Sources */ = {
			isa = PBXSourcesBuildPhase;
			buildActionMask = 2147483647;
			files = (
				A20DCD69264EBC260070EB07 /* Transaction.swift in Sources */,
				A257FC4226D80BC700383855 /* SplashView.swift in Sources */,
				A20781ED265E954C00DE372A /* BucketRequest.swift in Sources */,
				A26B73392690CBAC0082A0F6 /* TransactionView.swift in Sources */,
				A24CF68626814EDA0037BBEF /* BucketBalanceRequest.swift in Sources */,
				A26B73342690BF2B0082A0F6 /* TransactionData.swift in Sources */,
				A257FC4326D80BDB00383855 /* ImportAgent.swift in Sources */,
				A2CE549526A87F1E00DB9955 /* TagPicker.swift in Sources */,
				A257FC4426D80BDF00383855 /* SPENTLegacyImportAgent.swift in Sources */,
				A2780866268E55F600CEA560 /* EnumPicker.swift in Sources */,
				A2DFFD1C26ED924700B6CBE6 /* SPENTV0ImportAgent.swift in Sources */,
				A257FC4026D80BAF00383855 /* BucketRow.swift in Sources */,
				A206D78B267C47A400CB094D /* CurrencyText.swift in Sources */,
				A257FC3F26D80BA700383855 /* TableToolbar.swift in Sources */,
				A206D780267C10BA00CB094D /* Schedule.swift in Sources */,
				A2CE549826A881E700DB9955 /* ScheduleManager.swift in Sources */,
				A2EE03FA268518BF0092F63E /* iOSTransactionListView.swift in Sources */,
				A278086C268E668C00CEA560 /* SchedulePicker.swift in Sources */,
				A2EC30A72697571C00781EC8 /* SettingsView.swift in Sources */,
				A2676C9C267E599400548F06 /* UIDatabaseConnector.swift in Sources */,
				A228FC5C264C574C00CD5BB6 /* TransactionRequest.swift in Sources */,
				A20781F7266001CC00DE372A /* TransactionTags.swift in Sources */,
				A228FC5F264C57E700CD5BB6 /* AppDatabase.swift in Sources */,
				A2202ACC26E551EA0060D94A /* SortingWrapperView.swift in Sources */,
				A2C4C0CE2613E61A0048DB83 /* SPENTiOSApp.swift in Sources */,
				A2EE03F1268512400092F63E /* BalanceTable.swift in Sources */,
				A228FC59264C571800CD5BB6 /* Query.swift in Sources */,
				A20B3CA026558BB400555CF1 /* TagRequest.swift in Sources */,
				A20DCD6C264EBC470070EB07 /* Bucket.swift in Sources */,
				A2780869268E588000CEA560 /* Stringable.swift in Sources */,
				A26B732226909A850082A0F6 /* QueryWrapperView.swift in Sources */,
				A26B73252690A6FF0082A0F6 /* BucketNode.swift in Sources */,
				A2EC30A42697544800781EC8 /* AccountNavigation.swift in Sources */,
				A2780863268E4AF900CEA560 /* BucketPicker.swift in Sources */,
				A2EC30A1269743DC00781EC8 /* GlobalState.swift in Sources */,
				A206D786267C111F00CB094D /* TransactionAttachment.swift in Sources */,
				A2EC30A9269758AB00781EC8 /* EditAccountListView.swift in Sources */,
				A2202ACF26E5547C0060D94A /* SortingAgent.swift in Sources */,
				A2A56738262879BD009C7E8C /* Util.swift in Sources */,
				A276B57B26D887D3003C24E2 /* AppConfiguration.swift in Sources */,
				A206D783267C110600CB094D /* Attachment.swift in Sources */,
				A26B732E2690AE710082A0F6 /* TransactionFilter.swift in Sources */,
				A26B732B2690A9650082A0F6 /* TransactionModelRequest.swift in Sources */,
				A257FC4126D80BBA00383855 /* TransactionRow.swift in Sources */,
				A2676C90267E3D2700548F06 /* ScheduleRequest.swift in Sources */,
				A2DFFD1626ED6BED00B6CBE6 /* TransactionBalance.swift in Sources */,
				A2DA01152706AE83007167EA /* BucketBalance.swift in Sources */,
				A20DCD83264EEB510070EB07 /* Tag.swift in Sources */,
				A2AA26E2270E937E00794C6C /* DebugUtil.swift in Sources */,
			);
			runOnlyForDeploymentPostprocessing = 0;
		};
/* End PBXSourcesBuildPhase section */

/* Begin XCBuildConfiguration section */
		A2A5671A262740ED009C7E8C /* Debug */ = {
			isa = XCBuildConfiguration;
			buildSettings = {
				ASSETCATALOG_COMPILER_APPICON_NAME = AppIcon;
				ASSETCATALOG_COMPILER_GLOBAL_ACCENT_COLOR_NAME = AccentColor;
				CODE_SIGN_ENTITLEMENTS = macOS/macOS.entitlements;
				CODE_SIGN_IDENTITY = "Apple Development";
				CODE_SIGN_STYLE = Automatic;
				COMBINE_HIDPI_IMAGES = YES;
				DEVELOPMENT_ASSET_PATHS = "\"macOS/Preview Content\"";
				DEVELOPMENT_TEAM = N8ZK5JM34P;
				ENABLE_HARDENED_RUNTIME = YES;
				ENABLE_PREVIEWS = YES;
				INFOPLIST_FILE = macOS/Info.plist;
				LD_RUNPATH_SEARCH_PATHS = (
					"$(inherited)",
					"@executable_path/../Frameworks",
				);
				LIBRARY_SEARCH_PATHS = "$(inherited)";
				MACOSX_DEPLOYMENT_TARGET = 11.0;
				PRODUCT_BUNDLE_IDENTIFIER = io.github.robotman3000.SPENT;
				PRODUCT_NAME = SPENT;
				SDKROOT = macosx;
				SWIFT_INSTALL_OBJC_HEADER = NO;
				SWIFT_OBJC_BRIDGING_HEADER = "";
				SWIFT_VERSION = 5.0;
			};
			name = Debug;
		};
		A2A5671B262740ED009C7E8C /* Release */ = {
			isa = XCBuildConfiguration;
			buildSettings = {
				ASSETCATALOG_COMPILER_APPICON_NAME = AppIcon;
				ASSETCATALOG_COMPILER_GLOBAL_ACCENT_COLOR_NAME = AccentColor;
				CODE_SIGN_ENTITLEMENTS = macOS/macOS.entitlements;
				CODE_SIGN_IDENTITY = "Apple Development";
				CODE_SIGN_STYLE = Automatic;
				COMBINE_HIDPI_IMAGES = YES;
				DEVELOPMENT_ASSET_PATHS = "\"macOS/Preview Content\"";
				DEVELOPMENT_TEAM = N8ZK5JM34P;
				ENABLE_HARDENED_RUNTIME = YES;
				ENABLE_PREVIEWS = YES;
				INFOPLIST_FILE = macOS/Info.plist;
				LD_RUNPATH_SEARCH_PATHS = (
					"$(inherited)",
					"@executable_path/../Frameworks",
				);
				LIBRARY_SEARCH_PATHS = "$(inherited)";
				MACOSX_DEPLOYMENT_TARGET = 11.0;
				PRODUCT_BUNDLE_IDENTIFIER = io.github.robotman3000.SPENT;
				PRODUCT_NAME = SPENT;
				SDKROOT = macosx;
				SWIFT_INSTALL_OBJC_HEADER = NO;
				SWIFT_OBJC_BRIDGING_HEADER = "";
				SWIFT_VERSION = 5.0;
			};
			name = Release;
		};
		A2C4C0D72613E61A0048DB83 /* Debug */ = {
			isa = XCBuildConfiguration;
			buildSettings = {
				ALWAYS_SEARCH_USER_PATHS = NO;
				CLANG_ANALYZER_NONNULL = YES;
				CLANG_ANALYZER_NUMBER_OBJECT_CONVERSION = YES_AGGRESSIVE;
				CLANG_CXX_LANGUAGE_STANDARD = "gnu++14";
				CLANG_CXX_LIBRARY = "libc++";
				CLANG_ENABLE_MODULES = YES;
				CLANG_ENABLE_OBJC_ARC = YES;
				CLANG_ENABLE_OBJC_WEAK = YES;
				CLANG_WARN_BLOCK_CAPTURE_AUTORELEASING = YES;
				CLANG_WARN_BOOL_CONVERSION = YES;
				CLANG_WARN_COMMA = YES;
				CLANG_WARN_CONSTANT_CONVERSION = YES;
				CLANG_WARN_DEPRECATED_OBJC_IMPLEMENTATIONS = YES;
				CLANG_WARN_DIRECT_OBJC_ISA_USAGE = YES_ERROR;
				CLANG_WARN_DOCUMENTATION_COMMENTS = YES;
				CLANG_WARN_EMPTY_BODY = YES;
				CLANG_WARN_ENUM_CONVERSION = YES;
				CLANG_WARN_INFINITE_RECURSION = YES;
				CLANG_WARN_INT_CONVERSION = YES;
				CLANG_WARN_NON_LITERAL_NULL_CONVERSION = YES;
				CLANG_WARN_OBJC_IMPLICIT_RETAIN_SELF = YES;
				CLANG_WARN_OBJC_LITERAL_CONVERSION = YES;
				CLANG_WARN_OBJC_ROOT_CLASS = YES_ERROR;
				CLANG_WARN_QUOTED_INCLUDE_IN_FRAMEWORK_HEADER = YES;
				CLANG_WARN_RANGE_LOOP_ANALYSIS = YES;
				CLANG_WARN_STRICT_PROTOTYPES = YES;
				CLANG_WARN_SUSPICIOUS_MOVE = YES;
				CLANG_WARN_UNGUARDED_AVAILABILITY = YES_AGGRESSIVE;
				CLANG_WARN_UNREACHABLE_CODE = YES;
				CLANG_WARN__DUPLICATE_METHOD_MATCH = YES;
				CODE_SIGN_ENTITLEMENTS = "";
				COPY_PHASE_STRIP = NO;
				DEBUG_INFORMATION_FORMAT = dwarf;
				ENABLE_STRICT_OBJC_MSGSEND = YES;
				ENABLE_TESTABILITY = YES;
				GCC_C_LANGUAGE_STANDARD = gnu11;
				GCC_DYNAMIC_NO_PIC = NO;
				GCC_NO_COMMON_BLOCKS = YES;
				GCC_OPTIMIZATION_LEVEL = 0;
				GCC_PREPROCESSOR_DEFINITIONS = (
					"DEBUG=1",
					"$(inherited)",
				);
				GCC_WARN_64_TO_32_BIT_CONVERSION = YES;
				GCC_WARN_ABOUT_RETURN_TYPE = YES_ERROR;
				GCC_WARN_UNDECLARED_SELECTOR = YES;
				GCC_WARN_UNINITIALIZED_AUTOS = YES_AGGRESSIVE;
				GCC_WARN_UNUSED_FUNCTION = YES;
				GCC_WARN_UNUSED_VARIABLE = YES;
				IPHONEOS_DEPLOYMENT_TARGET = 14.5;
				MACOSX_DEPLOYMENT_TARGET = 11.0;
				MTL_ENABLE_DEBUG_INFO = INCLUDE_SOURCE;
				MTL_FAST_MATH = YES;
				ONLY_ACTIVE_ARCH = YES;
				SDKROOT = iphoneos;
				SWIFT_ACTIVE_COMPILATION_CONDITIONS = DEBUG;
				SWIFT_OPTIMIZATION_LEVEL = "-Onone";
				USER_HEADER_SEARCH_PATHS = "";
			};
			name = Debug;
		};
		A2C4C0D82613E61A0048DB83 /* Release */ = {
			isa = XCBuildConfiguration;
			buildSettings = {
				ALWAYS_SEARCH_USER_PATHS = NO;
				CLANG_ANALYZER_NONNULL = YES;
				CLANG_ANALYZER_NUMBER_OBJECT_CONVERSION = YES_AGGRESSIVE;
				CLANG_CXX_LANGUAGE_STANDARD = "gnu++14";
				CLANG_CXX_LIBRARY = "libc++";
				CLANG_ENABLE_MODULES = YES;
				CLANG_ENABLE_OBJC_ARC = YES;
				CLANG_ENABLE_OBJC_WEAK = YES;
				CLANG_WARN_BLOCK_CAPTURE_AUTORELEASING = YES;
				CLANG_WARN_BOOL_CONVERSION = YES;
				CLANG_WARN_COMMA = YES;
				CLANG_WARN_CONSTANT_CONVERSION = YES;
				CLANG_WARN_DEPRECATED_OBJC_IMPLEMENTATIONS = YES;
				CLANG_WARN_DIRECT_OBJC_ISA_USAGE = YES_ERROR;
				CLANG_WARN_DOCUMENTATION_COMMENTS = YES;
				CLANG_WARN_EMPTY_BODY = YES;
				CLANG_WARN_ENUM_CONVERSION = YES;
				CLANG_WARN_INFINITE_RECURSION = YES;
				CLANG_WARN_INT_CONVERSION = YES;
				CLANG_WARN_NON_LITERAL_NULL_CONVERSION = YES;
				CLANG_WARN_OBJC_IMPLICIT_RETAIN_SELF = YES;
				CLANG_WARN_OBJC_LITERAL_CONVERSION = YES;
				CLANG_WARN_OBJC_ROOT_CLASS = YES_ERROR;
				CLANG_WARN_QUOTED_INCLUDE_IN_FRAMEWORK_HEADER = YES;
				CLANG_WARN_RANGE_LOOP_ANALYSIS = YES;
				CLANG_WARN_STRICT_PROTOTYPES = YES;
				CLANG_WARN_SUSPICIOUS_MOVE = YES;
				CLANG_WARN_UNGUARDED_AVAILABILITY = YES_AGGRESSIVE;
				CLANG_WARN_UNREACHABLE_CODE = YES;
				CLANG_WARN__DUPLICATE_METHOD_MATCH = YES;
				CODE_SIGN_ENTITLEMENTS = "";
				COPY_PHASE_STRIP = NO;
				DEBUG_INFORMATION_FORMAT = "dwarf-with-dsym";
				ENABLE_NS_ASSERTIONS = NO;
				ENABLE_STRICT_OBJC_MSGSEND = YES;
				GCC_C_LANGUAGE_STANDARD = gnu11;
				GCC_NO_COMMON_BLOCKS = YES;
				GCC_WARN_64_TO_32_BIT_CONVERSION = YES;
				GCC_WARN_ABOUT_RETURN_TYPE = YES_ERROR;
				GCC_WARN_UNDECLARED_SELECTOR = YES;
				GCC_WARN_UNINITIALIZED_AUTOS = YES_AGGRESSIVE;
				GCC_WARN_UNUSED_FUNCTION = YES;
				GCC_WARN_UNUSED_VARIABLE = YES;
				IPHONEOS_DEPLOYMENT_TARGET = 14.5;
				MACOSX_DEPLOYMENT_TARGET = 11.0;
				MTL_ENABLE_DEBUG_INFO = NO;
				MTL_FAST_MATH = YES;
				SDKROOT = iphoneos;
				SWIFT_COMPILATION_MODE = wholemodule;
				SWIFT_OPTIMIZATION_LEVEL = "-O";
				USER_HEADER_SEARCH_PATHS = "";
				VALIDATE_PRODUCT = YES;
			};
			name = Release;
		};
		A2C4C0DA2613E61A0048DB83 /* Debug */ = {
			isa = XCBuildConfiguration;
			buildSettings = {
				ASSETCATALOG_COMPILER_APPICON_NAME = AppIcon;
				ASSETCATALOG_COMPILER_GLOBAL_ACCENT_COLOR_NAME = AccentColor;
				CLANG_ENABLE_MODULES = YES;
				CODE_SIGN_ENTITLEMENTS = iOS/iOS.entitlements;
				CODE_SIGN_IDENTITY = "Apple Development";
				CODE_SIGN_STYLE = Automatic;
				DEVELOPMENT_ASSET_PATHS = "\"iOS/Preview Content\"";
				DEVELOPMENT_TEAM = N8ZK5JM34P;
				ENABLE_PREVIEWS = YES;
				INFOPLIST_FILE = iOS/Info.plist;
				IPHONEOS_DEPLOYMENT_TARGET = 14.0;
				LD_RUNPATH_SEARCH_PATHS = (
					"$(inherited)",
					"@executable_path/Frameworks",
				);
				LIBRARY_SEARCH_PATHS = "$(inherited)";
				PRODUCT_BUNDLE_IDENTIFIER = io.github.robotman3000.SPENT;
				PRODUCT_NAME = SPENT;
				PROVISIONING_PROFILE_SPECIFIER = "";
				SUPPORTS_MACCATALYST = NO;
				SWIFT_INSTALL_OBJC_HEADER = NO;
				SWIFT_OBJC_BRIDGING_HEADER = "";
				SWIFT_OPTIMIZATION_LEVEL = "-Onone";
				SWIFT_VERSION = 5.0;
				TARGETED_DEVICE_FAMILY = "1,2";
			};
			name = Debug;
		};
		A2C4C0DB2613E61A0048DB83 /* Release */ = {
			isa = XCBuildConfiguration;
			buildSettings = {
				ASSETCATALOG_COMPILER_APPICON_NAME = AppIcon;
				ASSETCATALOG_COMPILER_GLOBAL_ACCENT_COLOR_NAME = AccentColor;
				CLANG_ENABLE_MODULES = YES;
				CODE_SIGN_ENTITLEMENTS = iOS/iOS.entitlements;
				CODE_SIGN_STYLE = Automatic;
				DEVELOPMENT_ASSET_PATHS = "\"iOS/Preview Content\"";
				DEVELOPMENT_TEAM = N8ZK5JM34P;
				ENABLE_PREVIEWS = YES;
				INFOPLIST_FILE = iOS/Info.plist;
				IPHONEOS_DEPLOYMENT_TARGET = 14.0;
				LD_RUNPATH_SEARCH_PATHS = (
					"$(inherited)",
					"@executable_path/Frameworks",
				);
				LIBRARY_SEARCH_PATHS = "$(inherited)";
				PRODUCT_BUNDLE_IDENTIFIER = io.github.robotman3000.SPENT;
				PRODUCT_NAME = SPENT;
				SUPPORTS_MACCATALYST = NO;
				SWIFT_INSTALL_OBJC_HEADER = NO;
				SWIFT_OBJC_BRIDGING_HEADER = "";
				SWIFT_VERSION = 5.0;
				TARGETED_DEVICE_FAMILY = "1,2";
			};
			name = Release;
		};
/* End XCBuildConfiguration section */

/* Begin XCConfigurationList section */
		A2A5671C262740ED009C7E8C /* Build configuration list for PBXNativeTarget "macOS" */ = {
			isa = XCConfigurationList;
			buildConfigurations = (
				A2A5671A262740ED009C7E8C /* Debug */,
				A2A5671B262740ED009C7E8C /* Release */,
			);
			defaultConfigurationIsVisible = 0;
			defaultConfigurationName = Release;
		};
		A2C4C0C52613E61A0048DB83 /* Build configuration list for PBXProject "SPENT" */ = {
			isa = XCConfigurationList;
			buildConfigurations = (
				A2C4C0D72613E61A0048DB83 /* Debug */,
				A2C4C0D82613E61A0048DB83 /* Release */,
			);
			defaultConfigurationIsVisible = 0;
			defaultConfigurationName = Release;
		};
		A2C4C0D92613E61A0048DB83 /* Build configuration list for PBXNativeTarget "iOS" */ = {
			isa = XCConfigurationList;
			buildConfigurations = (
				A2C4C0DA2613E61A0048DB83 /* Debug */,
				A2C4C0DB2613E61A0048DB83 /* Release */,
			);
			defaultConfigurationIsVisible = 0;
			defaultConfigurationName = Release;
		};
/* End XCConfigurationList section */

/* Begin XCRemoteSwiftPackageReference section */
		A217EA9926A9BF1A004388FF /* XCRemoteSwiftPackageReference "SwiftUIKit" */ = {
			isa = XCRemoteSwiftPackageReference;
			repositoryURL = "https://github.com/danielsaidi/SwiftUIKit.git";
			requirement = {
				kind = upToNextMajorVersion;
				minimumVersion = 1.4.0;
			};
		};
		A21C63D127074D36002D3084 /* XCRemoteSwiftPackageReference "GRDB.swift" */ = {
			isa = XCRemoteSwiftPackageReference;
			repositoryURL = "https://github.com/groue/GRDB.swift.git";
			requirement = {
				kind = upToNextMajorVersion;
				minimumVersion = 5.0.0;
			};
		};
		A230C0CC270E0970000C739F /* XCRemoteSwiftPackageReference "swift-ical" */ = {
			isa = XCRemoteSwiftPackageReference;
			repositoryURL = "https://github.com/tbartelmess/swift-ical";
			requirement = {
				kind = upToNextMajorVersion;
				minimumVersion = 0.0.8;
			};
		};
/* End XCRemoteSwiftPackageReference section */

/* Begin XCSwiftPackageProductDependency section */
		A217EA9A26A9BF1A004388FF /* SwiftUIKit */ = {
			isa = XCSwiftPackageProductDependency;
			package = A217EA9926A9BF1A004388FF /* XCRemoteSwiftPackageReference "SwiftUIKit" */;
			productName = SwiftUIKit;
		};
		A21C63D227074D36002D3084 /* GRDB */ = {
			isa = XCSwiftPackageProductDependency;
			package = A21C63D127074D36002D3084 /* XCRemoteSwiftPackageReference "GRDB.swift" */;
			productName = GRDB;
		};
		A230C0CD270E0970000C739F /* Libical */ = {
			isa = XCSwiftPackageProductDependency;
			package = A230C0CC270E0970000C739F /* XCRemoteSwiftPackageReference "swift-ical" */;
			productName = Libical;
		};
		A230C0CF270E0970000C739F /* SwiftIcal */ = {
			isa = XCSwiftPackageProductDependency;
			package = A230C0CC270E0970000C739F /* XCRemoteSwiftPackageReference "swift-ical" */;
			productName = SwiftIcal;
		};
		A2C2ADA026D5878A00537971 /* SwiftUIKit */ = {
			isa = XCSwiftPackageProductDependency;
			package = A217EA9926A9BF1A004388FF /* XCRemoteSwiftPackageReference "SwiftUIKit" */;
			productName = SwiftUIKit;
		};
/* End XCSwiftPackageProductDependency section */
	};
	rootObject = A2C4C0C22613E61A0048DB83 /* Project object */;
}
