// !$*UTF8*$!
{
	archiveVersion = 1;
	classes = {
	};
	objectVersion = 52;
	objects = {

/* Begin PBXBuildFile section */
		A206D783267C110600CB094D /* Attachment.swift in Sources */ = {isa = PBXBuildFile; fileRef = A206D782267C110600CB094D /* Attachment.swift */; };
		A206D784267C110600CB094D /* Attachment.swift in Sources */ = {isa = PBXBuildFile; fileRef = A206D782267C110600CB094D /* Attachment.swift */; };
		A206D786267C111F00CB094D /* TransactionAttachmentMapping.swift in Sources */ = {isa = PBXBuildFile; fileRef = A206D785267C111F00CB094D /* TransactionAttachmentMapping.swift */; };
		A206D787267C111F00CB094D /* TransactionAttachmentMapping.swift in Sources */ = {isa = PBXBuildFile; fileRef = A206D785267C111F00CB094D /* TransactionAttachmentMapping.swift */; };
		A20781F7266001CC00DE372A /* TransactionTagMapping.swift in Sources */ = {isa = PBXBuildFile; fileRef = A20781F6266001CC00DE372A /* TransactionTagMapping.swift */; };
		A20781F8266001CC00DE372A /* TransactionTagMapping.swift in Sources */ = {isa = PBXBuildFile; fileRef = A20781F6266001CC00DE372A /* TransactionTagMapping.swift */; };
		A20901E127A341B600A68252 /* Account.swift in Sources */ = {isa = PBXBuildFile; fileRef = A20901E027A341B600A68252 /* Account.swift */; };
		A20901E227A341B600A68252 /* Account.swift in Sources */ = {isa = PBXBuildFile; fileRef = A20901E027A341B600A68252 /* Account.swift */; };
		A20901E427A35B4800A68252 /* Transfer.swift in Sources */ = {isa = PBXBuildFile; fileRef = A20901E327A35B4800A68252 /* Transfer.swift */; };
		A20901E527A35B4800A68252 /* Transfer.swift in Sources */ = {isa = PBXBuildFile; fileRef = A20901E327A35B4800A68252 /* Transfer.swift */; };
		A20901E727A35B8400A68252 /* SplitTransaction.swift in Sources */ = {isa = PBXBuildFile; fileRef = A20901E627A35B8400A68252 /* SplitTransaction.swift */; };
		A20901E827A35B8400A68252 /* SplitTransaction.swift in Sources */ = {isa = PBXBuildFile; fileRef = A20901E627A35B8400A68252 /* SplitTransaction.swift */; };
		A20901EB27A37E6B00A68252 /* GRDBQuery in Frameworks */ = {isa = PBXBuildFile; productRef = A20901EA27A37E6B00A68252 /* GRDBQuery */; };
		A20901F027A47FAE00A68252 /* JSONTransactionTemplate.swift in Sources */ = {isa = PBXBuildFile; fileRef = A2E0F53226F40BF8002EC601 /* JSONTransactionTemplate.swift */; };
		A20901F127A47FAE00A68252 /* JSONTransactionTemplate.swift in Sources */ = {isa = PBXBuildFile; fileRef = A2E0F53226F40BF8002EC601 /* JSONTransactionTemplate.swift */; };
		A20901F227A4800B00A68252 /* FormKeys.swift in Sources */ = {isa = PBXBuildFile; fileRef = A217EA9C26A9C1C2004388FF /* FormKeys.swift */; };
		A20B3C9F26558BB400555CF1 /* TagRequest.swift in Sources */ = {isa = PBXBuildFile; fileRef = A20B3C9E26558BB400555CF1 /* TagRequest.swift */; };
		A20C691F273431B8002A87A3 /* Errors.swift in Sources */ = {isa = PBXBuildFile; fileRef = A20C691E273431B8002A87A3 /* Errors.swift */; };
		A20DCD69264EBC260070EB07 /* Transaction.swift in Sources */ = {isa = PBXBuildFile; fileRef = A20DCD68264EBC260070EB07 /* Transaction.swift */; };
		A20DCD6A264EBC260070EB07 /* Transaction.swift in Sources */ = {isa = PBXBuildFile; fileRef = A20DCD68264EBC260070EB07 /* Transaction.swift */; };
		A20DCD6C264EBC470070EB07 /* Bucket.swift in Sources */ = {isa = PBXBuildFile; fileRef = A20DCD6B264EBC470070EB07 /* Bucket.swift */; };
		A20DCD6D264EBC470070EB07 /* Bucket.swift in Sources */ = {isa = PBXBuildFile; fileRef = A20DCD6B264EBC470070EB07 /* Bucket.swift */; };
		A20DCD83264EEB510070EB07 /* Tag.swift in Sources */ = {isa = PBXBuildFile; fileRef = A20DCD82264EEB510070EB07 /* Tag.swift */; };
		A20DCD84264EEB510070EB07 /* Tag.swift in Sources */ = {isa = PBXBuildFile; fileRef = A20DCD82264EEB510070EB07 /* Tag.swift */; };
		A217EA9B26A9BF1A004388FF /* SwiftUIKit in Frameworks */ = {isa = PBXBuildFile; productRef = A217EA9A26A9BF1A004388FF /* SwiftUIKit */; };
		A217EAA126A9CD57004388FF /* AlertKeys.swift in Sources */ = {isa = PBXBuildFile; fileRef = A217EAA026A9CD57004388FF /* AlertKeys.swift */; };
		A2180BE727A8A6F90040AC40 /* AccountForm.swift in Sources */ = {isa = PBXBuildFile; fileRef = A217EA9726A9BB08004388FF /* AccountForm.swift */; };
		A2180BE827A8A7360040AC40 /* FormModel.swift in Sources */ = {isa = PBXBuildFile; fileRef = A20C691B27330E5A002A87A3 /* FormModel.swift */; };
		A2180BEA27A8B1030040AC40 /* DatabaseManager.swift in Sources */ = {isa = PBXBuildFile; fileRef = A2180BE927A8B1030040AC40 /* DatabaseManager.swift */; };
		A21C63D327074D36002D3084 /* GRDB in Frameworks */ = {isa = PBXBuildFile; productRef = A21C63D227074D36002D3084 /* GRDB */; };
		A24033C22672898C00A2B5CE /* CurrencyText.swift in Sources */ = {isa = PBXBuildFile; fileRef = A24033C12672898C00A2B5CE /* CurrencyText.swift */; };
		A2448EC027ACD5B800530AE0 /* TransactionForm.swift in Sources */ = {isa = PBXBuildFile; fileRef = A20DAF7A2671509B00347205 /* TransactionForm.swift */; };
		A2448EC227ACDBD700530AE0 /* AccountPicker.swift in Sources */ = {isa = PBXBuildFile; fileRef = A2448EC127ACDBD700530AE0 /* AccountPicker.swift */; };
		A2448EC327AD910E00530AE0 /* CSVAgent.swift in Sources */ = {isa = PBXBuildFile; fileRef = A2AA52B627A097880061F761 /* CSVAgent.swift */; };
		A2449FF727206F13006B5185 /* DatabaseFilter.swift in Sources */ = {isa = PBXBuildFile; fileRef = A2449FF627206F13006B5185 /* DatabaseFilter.swift */; };
		A2449FF9272075AA006B5185 /* DatabaseRequest.swift in Sources */ = {isa = PBXBuildFile; fileRef = A2449FF8272075AA006B5185 /* DatabaseRequest.swift */; };
		A257FC3126D7ED7600383855 /* PreferenceKeys.swift in Sources */ = {isa = PBXBuildFile; fileRef = A257FC3026D7ED7600383855 /* PreferenceKeys.swift */; };
		A257FC3326D7F5C400383855 /* MainView.swift in Sources */ = {isa = PBXBuildFile; fileRef = A257FC3226D7F5C400383855 /* MainView.swift */; };
		A257FC3926D800EE00383855 /* WindowKeys.swift in Sources */ = {isa = PBXBuildFile; fileRef = A257FC3826D800EE00383855 /* WindowKeys.swift */; };
		A257FC4326D80BDB00383855 /* ImportAgent.swift in Sources */ = {isa = PBXBuildFile; fileRef = A2C2ADB926D5AF2E00537971 /* ImportAgent.swift */; };
		A2676C8E267E367900548F06 /* TableToolbar.swift in Sources */ = {isa = PBXBuildFile; fileRef = A2676C8C267E367900548F06 /* TableToolbar.swift */; };
		A26B73392690CBAC0082A0F6 /* TransactionView.swift in Sources */ = {isa = PBXBuildFile; fileRef = A26B73382690CBAC0082A0F6 /* TransactionView.swift */; };
		A276B57B26D887D3003C24E2 /* AppConfiguration.swift in Sources */ = {isa = PBXBuildFile; fileRef = A276B57A26D887D3003C24E2 /* AppConfiguration.swift */; };
		A276B57C26D887D3003C24E2 /* AppConfiguration.swift in Sources */ = {isa = PBXBuildFile; fileRef = A276B57A26D887D3003C24E2 /* AppConfiguration.swift */; };
		A2780863268E4AF900CEA560 /* BucketPicker.swift in Sources */ = {isa = PBXBuildFile; fileRef = A2780862268E4AF900CEA560 /* BucketPicker.swift */; };
		A2780864268E4AF900CEA560 /* BucketPicker.swift in Sources */ = {isa = PBXBuildFile; fileRef = A2780862268E4AF900CEA560 /* BucketPicker.swift */; };
		A2780866268E55F600CEA560 /* EnumPicker.swift in Sources */ = {isa = PBXBuildFile; fileRef = A2780865268E55F600CEA560 /* EnumPicker.swift */; };
		A2780867268E55F600CEA560 /* EnumPicker.swift in Sources */ = {isa = PBXBuildFile; fileRef = A2780865268E55F600CEA560 /* EnumPicker.swift */; };
		A2780869268E588000CEA560 /* Stringable.swift in Sources */ = {isa = PBXBuildFile; fileRef = A2780868268E588000CEA560 /* Stringable.swift */; };
		A278086A268E588000CEA560 /* Stringable.swift in Sources */ = {isa = PBXBuildFile; fileRef = A2780868268E588000CEA560 /* Stringable.swift */; };
		A2A56710262740EC009C7E8C /* SPENT.swift in Sources */ = {isa = PBXBuildFile; fileRef = A2A5670F262740EC009C7E8C /* SPENT.swift */; };
		A2A56714262740ED009C7E8C /* Assets.xcassets in Resources */ = {isa = PBXBuildFile; fileRef = A2A56713262740ED009C7E8C /* Assets.xcassets */; };
		A2A56717262740ED009C7E8C /* Preview Assets.xcassets in Resources */ = {isa = PBXBuildFile; fileRef = A2A56716262740ED009C7E8C /* Preview Assets.xcassets */; };
		A2A56736262747A8009C7E8C /* SplashView.swift in Sources */ = {isa = PBXBuildFile; fileRef = A2A56734262747A7009C7E8C /* SplashView.swift */; };
		A2A56738262879BD009C7E8C /* Util.swift in Sources */ = {isa = PBXBuildFile; fileRef = A2A56737262879BD009C7E8C /* Util.swift */; };
		A2A56739262879BD009C7E8C /* Util.swift in Sources */ = {isa = PBXBuildFile; fileRef = A2A56737262879BD009C7E8C /* Util.swift */; };
		A2AA26E2270E937E00794C6C /* DebugUtil.swift in Sources */ = {isa = PBXBuildFile; fileRef = A2AA26E1270E937E00794C6C /* DebugUtil.swift */; };
		A2AA26E3270E937E00794C6C /* DebugUtil.swift in Sources */ = {isa = PBXBuildFile; fileRef = A2AA26E1270E937E00794C6C /* DebugUtil.swift */; };
		A2AA52B527A097550061F761 /* ExportAgent.swift in Sources */ = {isa = PBXBuildFile; fileRef = A2AA52B427A097550061F761 /* ExportAgent.swift */; };
		A2AA52B827A0980E0061F761 /* ExportAgent.swift in Sources */ = {isa = PBXBuildFile; fileRef = A2AA52B427A097550061F761 /* ExportAgent.swift */; };
		A2AA52BC27A099EE0061F761 /* CSV in Frameworks */ = {isa = PBXBuildFile; productRef = A2AA52BB27A099EE0061F761 /* CSV */; };
		A2AF19C427447A710006C055 /* BucketTreeNode.swift in Sources */ = {isa = PBXBuildFile; fileRef = A2AF19C327447A710006C055 /* BucketTreeNode.swift */; };
		A2C2ADA126D5878A00537971 /* SwiftUIKit in Frameworks */ = {isa = PBXBuildFile; productRef = A2C2ADA026D5878A00537971 /* SwiftUIKit */; };
		A2C2ADB326D58F0200537971 /* GeneralSettingsView.swift in Sources */ = {isa = PBXBuildFile; fileRef = A2C2ADB226D58F0200537971 /* GeneralSettingsView.swift */; };
		A2C2ADB526D58F1F00537971 /* SettingsView.swift in Sources */ = {isa = PBXBuildFile; fileRef = A2C2ADB426D58F1F00537971 /* SettingsView.swift */; };
		A2C2ADBA26D5AF2E00537971 /* ImportAgent.swift in Sources */ = {isa = PBXBuildFile; fileRef = A2C2ADB926D5AF2E00537971 /* ImportAgent.swift */; };
		A2C4C0CE2613E61A0048DB83 /* SPENTiOSApp.swift in Sources */ = {isa = PBXBuildFile; fileRef = A2C4C0CD2613E61A0048DB83 /* SPENTiOSApp.swift */; };
		A2C4C0D22613E61A0048DB83 /* Assets.xcassets in Resources */ = {isa = PBXBuildFile; fileRef = A2C4C0D12613E61A0048DB83 /* Assets.xcassets */; };
		A2C4C0D52613E61A0048DB83 /* Preview Assets.xcassets in Resources */ = {isa = PBXBuildFile; fileRef = A2C4C0D42613E61A0048DB83 /* Preview Assets.xcassets */; };
		A2C8351126DAE8FE00819F35 /* DBFileBookmark.swift in Sources */ = {isa = PBXBuildFile; fileRef = A2C8351026DAE8FE00819F35 /* DBFileBookmark.swift */; };
		A2D4158327AA37AF008A6C52 /* DatabaseActions.swift in Sources */ = {isa = PBXBuildFile; fileRef = A2D4158227AA37AF008A6C52 /* DatabaseActions.swift */; };
		A2D4158527AA3F96008A6C52 /* SPENTDatabaseDocument.swift in Sources */ = {isa = PBXBuildFile; fileRef = A2D4158427AA3F96008A6C52 /* SPENTDatabaseDocument.swift */; };
		A2E0F52E26F4043E002EC601 /* TransactionTemplate.swift in Sources */ = {isa = PBXBuildFile; fileRef = A2E0F52D26F4043E002EC601 /* TransactionTemplate.swift */; };
		A2EC30A1269743DC00781EC8 /* GlobalState.swift in Sources */ = {isa = PBXBuildFile; fileRef = A2EC30A0269743DC00781EC8 /* GlobalState.swift */; };
		A2EC30A2269743DC00781EC8 /* GlobalState.swift in Sources */ = {isa = PBXBuildFile; fileRef = A2EC30A0269743DC00781EC8 /* GlobalState.swift */; };
		A2EC30A42697544800781EC8 /* AccountNavigation.swift in Sources */ = {isa = PBXBuildFile; fileRef = A2EC30A32697544800781EC8 /* AccountNavigation.swift */; };
		A2EC30A72697571C00781EC8 /* SettingsView.swift in Sources */ = {isa = PBXBuildFile; fileRef = A2EC30A62697571C00781EC8 /* SettingsView.swift */; };
		A2EC30A9269758AB00781EC8 /* EditAccountListView.swift in Sources */ = {isa = PBXBuildFile; fileRef = A2EC30A8269758AB00781EC8 /* EditAccountListView.swift */; };
		A2EE03FA268518BF0092F63E /* iOSTransactionListView.swift in Sources */ = {isa = PBXBuildFile; fileRef = A2EE03F9268518BF0092F63E /* iOSTransactionListView.swift */; };
		A2F18BD026B2E312009BA9F4 /* SplitTransactionMemberList.swift in Sources */ = {isa = PBXBuildFile; fileRef = A2F18BCF26B2E312009BA9F4 /* SplitTransactionMemberList.swift */; };
		A2F18BD226B496E1009BA9F4 /* SplitMemberForm.swift in Sources */ = {isa = PBXBuildFile; fileRef = A2F18BD126B496E1009BA9F4 /* SplitMemberForm.swift */; };
/* End PBXBuildFile section */

/* Begin PBXFileReference section */
		A206D782267C110600CB094D /* Attachment.swift */ = {isa = PBXFileReference; lastKnownFileType = sourcecode.swift; path = Attachment.swift; sourceTree = "<group>"; };
		A206D785267C111F00CB094D /* TransactionAttachmentMapping.swift */ = {isa = PBXFileReference; lastKnownFileType = sourcecode.swift; path = TransactionAttachmentMapping.swift; sourceTree = "<group>"; };
		A20781EC265E954C00DE372A /* BucketRequest.swift */ = {isa = PBXFileReference; lastKnownFileType = sourcecode.swift; path = BucketRequest.swift; sourceTree = "<group>"; };
		A20781F6266001CC00DE372A /* TransactionTagMapping.swift */ = {isa = PBXFileReference; lastKnownFileType = sourcecode.swift; path = TransactionTagMapping.swift; sourceTree = "<group>"; };
		A20901E027A341B600A68252 /* Account.swift */ = {isa = PBXFileReference; lastKnownFileType = sourcecode.swift; path = Account.swift; sourceTree = "<group>"; };
		A20901E327A35B4800A68252 /* Transfer.swift */ = {isa = PBXFileReference; lastKnownFileType = sourcecode.swift; path = Transfer.swift; sourceTree = "<group>"; };
		A20901E627A35B8400A68252 /* SplitTransaction.swift */ = {isa = PBXFileReference; lastKnownFileType = sourcecode.swift; path = SplitTransaction.swift; sourceTree = "<group>"; };
		A20B3C9E26558BB400555CF1 /* TagRequest.swift */ = {isa = PBXFileReference; lastKnownFileType = sourcecode.swift; path = TagRequest.swift; sourceTree = "<group>"; };
		A20C691B27330E5A002A87A3 /* FormModel.swift */ = {isa = PBXFileReference; lastKnownFileType = sourcecode.swift; path = FormModel.swift; sourceTree = "<group>"; };
		A20C691E273431B8002A87A3 /* Errors.swift */ = {isa = PBXFileReference; lastKnownFileType = sourcecode.swift; path = Errors.swift; sourceTree = "<group>"; };
		A20DAF6C26701A4300347205 /* HomeView.swift */ = {isa = PBXFileReference; lastKnownFileType = sourcecode.swift; path = HomeView.swift; sourceTree = "<group>"; };
		A20DAF7A2671509B00347205 /* TransactionForm.swift */ = {isa = PBXFileReference; lastKnownFileType = sourcecode.swift; path = TransactionForm.swift; sourceTree = "<group>"; };
		A20DCD68264EBC260070EB07 /* Transaction.swift */ = {isa = PBXFileReference; lastKnownFileType = sourcecode.swift; path = Transaction.swift; sourceTree = "<group>"; };
		A20DCD6B264EBC470070EB07 /* Bucket.swift */ = {isa = PBXFileReference; lastKnownFileType = sourcecode.swift; path = Bucket.swift; sourceTree = "<group>"; };
		A20DCD74264ED0270070EB07 /* BalanceTable.swift */ = {isa = PBXFileReference; lastKnownFileType = sourcecode.swift; path = BalanceTable.swift; sourceTree = "<group>"; };
		A20DCD78264ED0620070EB07 /* BucketForm.swift */ = {isa = PBXFileReference; lastKnownFileType = sourcecode.swift; path = BucketForm.swift; sourceTree = "<group>"; };
		A20DCD82264EEB510070EB07 /* Tag.swift */ = {isa = PBXFileReference; lastKnownFileType = sourcecode.swift; path = Tag.swift; sourceTree = "<group>"; };
		A217EA9726A9BB08004388FF /* AccountForm.swift */ = {isa = PBXFileReference; lastKnownFileType = sourcecode.swift; path = AccountForm.swift; sourceTree = "<group>"; };
		A217EA9C26A9C1C2004388FF /* FormKeys.swift */ = {isa = PBXFileReference; lastKnownFileType = sourcecode.swift; path = FormKeys.swift; sourceTree = "<group>"; };
		A217EAA026A9CD57004388FF /* AlertKeys.swift */ = {isa = PBXFileReference; lastKnownFileType = sourcecode.swift; path = AlertKeys.swift; sourceTree = "<group>"; };
		A217EAA226A9D7A0004388FF /* TransferForm.swift */ = {isa = PBXFileReference; lastKnownFileType = sourcecode.swift; path = TransferForm.swift; sourceTree = "<group>"; };
		A2180BE927A8B1030040AC40 /* DatabaseManager.swift */ = {isa = PBXFileReference; lastKnownFileType = sourcecode.swift; path = DatabaseManager.swift; sourceTree = "<group>"; };
		A2202ACB26E551EA0060D94A /* SortingWrapperView.swift */ = {isa = PBXFileReference; lastKnownFileType = sourcecode.swift; path = SortingWrapperView.swift; sourceTree = "<group>"; };
		A22727DF2616341900814696 /* iOS.entitlements */ = {isa = PBXFileReference; fileEncoding = 4; lastKnownFileType = text.plist.entitlements; path = iOS.entitlements; sourceTree = "<group>"; };
		A22FA30B270F40BF00C0A3CF /* DocumentListView.swift */ = {isa = PBXFileReference; lastKnownFileType = sourcecode.swift; path = DocumentListView.swift; sourceTree = "<group>"; };
		A22FA30D270F417500C0A3CF /* AttachmentRequest.swift */ = {isa = PBXFileReference; lastKnownFileType = sourcecode.swift; path = AttachmentRequest.swift; sourceTree = "<group>"; };
		A230C0C6270CEB55000C739F /* TemplateForm.swift */ = {isa = PBXFileReference; lastKnownFileType = sourcecode.swift; path = TemplateForm.swift; sourceTree = "<group>"; };
		A230C0C8270CF320000C739F /* TemplateManagerView.swift */ = {isa = PBXFileReference; lastKnownFileType = sourcecode.swift; path = TemplateManagerView.swift; sourceTree = "<group>"; };
		A230C0CA270CF3FB000C739F /* TemplateRequest.swift */ = {isa = PBXFileReference; lastKnownFileType = sourcecode.swift; path = TemplateRequest.swift; sourceTree = "<group>"; };
		A24033C12672898C00A2B5CE /* CurrencyText.swift */ = {isa = PBXFileReference; lastKnownFileType = sourcecode.swift; path = CurrencyText.swift; sourceTree = "<group>"; };
		A2448EC127ACDBD700530AE0 /* AccountPicker.swift */ = {isa = PBXFileReference; lastKnownFileType = sourcecode.swift; path = AccountPicker.swift; sourceTree = "<group>"; };
		A2449FEE271F797C006B5185 /* TransactionListView.swift */ = {isa = PBXFileReference; lastKnownFileType = sourcecode.swift; path = TransactionListView.swift; sourceTree = "<group>"; };
		A2449FF0271F7B51006B5185 /* TransactionFilter.swift */ = {isa = PBXFileReference; lastKnownFileType = sourcecode.swift; path = TransactionFilter.swift; sourceTree = "<group>"; };
		A2449FF2271F7DB1006B5185 /* TransactionRequest.swift */ = {isa = PBXFileReference; lastKnownFileType = sourcecode.swift; path = TransactionRequest.swift; sourceTree = "<group>"; };
		A2449FF4271F7DE8006B5185 /* TransactionModel.swift */ = {isa = PBXFileReference; lastKnownFileType = sourcecode.swift; path = TransactionModel.swift; sourceTree = "<group>"; };
		A2449FF627206F13006B5185 /* DatabaseFilter.swift */ = {isa = PBXFileReference; lastKnownFileType = sourcecode.swift; path = DatabaseFilter.swift; sourceTree = "<group>"; };
		A2449FF8272075AA006B5185 /* DatabaseRequest.swift */ = {isa = PBXFileReference; lastKnownFileType = sourcecode.swift; path = DatabaseRequest.swift; sourceTree = "<group>"; };
		A2487765265582A7002D7D9F /* TagForm.swift */ = {isa = PBXFileReference; lastKnownFileType = sourcecode.swift; path = TagForm.swift; sourceTree = "<group>"; };
		A257FC3026D7ED7600383855 /* PreferenceKeys.swift */ = {isa = PBXFileReference; lastKnownFileType = sourcecode.swift; path = PreferenceKeys.swift; sourceTree = "<group>"; };
		A257FC3226D7F5C400383855 /* MainView.swift */ = {isa = PBXFileReference; lastKnownFileType = sourcecode.swift; path = MainView.swift; sourceTree = "<group>"; };
		A257FC3426D7F62400383855 /* TagManagerView.swift */ = {isa = PBXFileReference; lastKnownFileType = sourcecode.swift; path = TagManagerView.swift; sourceTree = "<group>"; };
		A257FC3826D800EE00383855 /* WindowKeys.swift */ = {isa = PBXFileReference; lastKnownFileType = sourcecode.swift; path = WindowKeys.swift; sourceTree = "<group>"; };
		A2676C72267CD04300548F06 /* TransactionsView.swift */ = {isa = PBXFileReference; lastKnownFileType = sourcecode.swift; path = TransactionsView.swift; sourceTree = "<group>"; };
		A2676C8C267E367900548F06 /* TableToolbar.swift */ = {isa = PBXFileReference; lastKnownFileType = sourcecode.swift; path = TableToolbar.swift; sourceTree = "<group>"; };
		A26B732126909A850082A0F6 /* QueryWrapperView.swift */ = {isa = PBXFileReference; lastKnownFileType = sourcecode.swift; path = QueryWrapperView.swift; sourceTree = "<group>"; };
		A26B73382690CBAC0082A0F6 /* TransactionView.swift */ = {isa = PBXFileReference; lastKnownFileType = sourcecode.swift; path = TransactionView.swift; sourceTree = "<group>"; };
		A276B57A26D887D3003C24E2 /* AppConfiguration.swift */ = {isa = PBXFileReference; lastKnownFileType = sourcecode.swift; path = AppConfiguration.swift; sourceTree = "<group>"; };
		A2780859268BC63900CEA560 /* TransactionTagForm.swift */ = {isa = PBXFileReference; lastKnownFileType = sourcecode.swift; path = TransactionTagForm.swift; sourceTree = "<group>"; };
		A2780862268E4AF900CEA560 /* BucketPicker.swift */ = {isa = PBXFileReference; lastKnownFileType = sourcecode.swift; path = BucketPicker.swift; sourceTree = "<group>"; };
		A2780865268E55F600CEA560 /* EnumPicker.swift */ = {isa = PBXFileReference; lastKnownFileType = sourcecode.swift; path = EnumPicker.swift; sourceTree = "<group>"; };
		A2780868268E588000CEA560 /* Stringable.swift */ = {isa = PBXFileReference; lastKnownFileType = sourcecode.swift; path = Stringable.swift; sourceTree = "<group>"; };
		A27C1D85271B7FD9005339FD /* BucketFilter.swift */ = {isa = PBXFileReference; lastKnownFileType = sourcecode.swift; path = BucketFilter.swift; sourceTree = "<group>"; };
		A27C1D8A271B8462005339FD /* TagListRow.swift */ = {isa = PBXFileReference; lastKnownFileType = sourcecode.swift; path = TagListRow.swift; sourceTree = "<group>"; };
		A27C1D8D271B846B005339FD /* BucketListRow.swift */ = {isa = PBXFileReference; lastKnownFileType = sourcecode.swift; path = BucketListRow.swift; sourceTree = "<group>"; };
		A27C1D90271B847C005339FD /* TransactionListRow.swift */ = {isa = PBXFileReference; lastKnownFileType = sourcecode.swift; path = TransactionListRow.swift; sourceTree = "<group>"; };
		A27C1D93271B8547005339FD /* BucketModel.swift */ = {isa = PBXFileReference; lastKnownFileType = sourcecode.swift; path = BucketModel.swift; sourceTree = "<group>"; };
		A27C1D96271B86F8005339FD /* BucketNavigationView.swift */ = {isa = PBXFileReference; indentWidth = 3; lastKnownFileType = sourcecode.swift; path = BucketNavigationView.swift; sourceTree = "<group>"; };
		A2A5670D262740EC009C7E8C /* SPENT.app */ = {isa = PBXFileReference; explicitFileType = wrapper.application; includeInIndex = 0; path = SPENT.app; sourceTree = BUILT_PRODUCTS_DIR; };
		A2A5670F262740EC009C7E8C /* SPENT.swift */ = {isa = PBXFileReference; lastKnownFileType = sourcecode.swift; path = SPENT.swift; sourceTree = "<group>"; };
		A2A56713262740ED009C7E8C /* Assets.xcassets */ = {isa = PBXFileReference; lastKnownFileType = folder.assetcatalog; path = Assets.xcassets; sourceTree = "<group>"; };
		A2A56716262740ED009C7E8C /* Preview Assets.xcassets */ = {isa = PBXFileReference; lastKnownFileType = folder.assetcatalog; path = "Preview Assets.xcassets"; sourceTree = "<group>"; };
		A2A56718262740ED009C7E8C /* Info.plist */ = {isa = PBXFileReference; lastKnownFileType = text.plist.xml; path = Info.plist; sourceTree = "<group>"; };
		A2A56719262740ED009C7E8C /* macOS.entitlements */ = {isa = PBXFileReference; lastKnownFileType = text.plist.entitlements; path = macOS.entitlements; sourceTree = "<group>"; };
		A2A56734262747A7009C7E8C /* SplashView.swift */ = {isa = PBXFileReference; lastKnownFileType = sourcecode.swift; path = SplashView.swift; sourceTree = "<group>"; };
		A2A56737262879BD009C7E8C /* Util.swift */ = {isa = PBXFileReference; lastKnownFileType = sourcecode.swift; path = Util.swift; sourceTree = "<group>"; };
		A2AA26E1270E937E00794C6C /* DebugUtil.swift */ = {isa = PBXFileReference; lastKnownFileType = sourcecode.swift; path = DebugUtil.swift; sourceTree = "<group>"; };
		A2AA52B427A097550061F761 /* ExportAgent.swift */ = {isa = PBXFileReference; lastKnownFileType = sourcecode.swift; path = ExportAgent.swift; sourceTree = "<group>"; };
		A2AA52B627A097880061F761 /* CSVAgent.swift */ = {isa = PBXFileReference; lastKnownFileType = sourcecode.swift; path = CSVAgent.swift; sourceTree = "<group>"; };
		A2AF19B9274088810006C055 /* TagListView.swift */ = {isa = PBXFileReference; lastKnownFileType = sourcecode.swift; path = TagListView.swift; sourceTree = "<group>"; };
		A2AF19BB274468580006C055 /* TemplateListRow.swift */ = {isa = PBXFileReference; lastKnownFileType = sourcecode.swift; path = TemplateListRow.swift; sourceTree = "<group>"; };
		A2AF19BD274468650006C055 /* TemplateListView.swift */ = {isa = PBXFileReference; lastKnownFileType = sourcecode.swift; path = TemplateListView.swift; sourceTree = "<group>"; };
		A2AF19BF27446A760006C055 /* TagFilter.swift */ = {isa = PBXFileReference; lastKnownFileType = sourcecode.swift; path = TagFilter.swift; sourceTree = "<group>"; };
		A2AF19C1274479DD0006C055 /* BucketTreeFilter.swift */ = {isa = PBXFileReference; lastKnownFileType = sourcecode.swift; path = BucketTreeFilter.swift; sourceTree = "<group>"; };
		A2AF19C327447A710006C055 /* BucketTreeNode.swift */ = {isa = PBXFileReference; lastKnownFileType = sourcecode.swift; path = BucketTreeNode.swift; sourceTree = "<group>"; };
		A2C2ADAD26D58B9300537971 /* TransactionContextMenu.swift */ = {isa = PBXFileReference; lastKnownFileType = sourcecode.swift; path = TransactionContextMenu.swift; sourceTree = "<group>"; };
		A2C2ADB226D58F0200537971 /* GeneralSettingsView.swift */ = {isa = PBXFileReference; lastKnownFileType = sourcecode.swift; path = GeneralSettingsView.swift; sourceTree = "<group>"; };
		A2C2ADB426D58F1F00537971 /* SettingsView.swift */ = {isa = PBXFileReference; lastKnownFileType = sourcecode.swift; path = SettingsView.swift; sourceTree = "<group>"; };
		A2C2ADB726D58F7D00537971 /* AccountContextMenu.swift */ = {isa = PBXFileReference; lastKnownFileType = sourcecode.swift; path = AccountContextMenu.swift; sourceTree = "<group>"; };
		A2C2ADB926D5AF2E00537971 /* ImportAgent.swift */ = {isa = PBXFileReference; lastKnownFileType = sourcecode.swift; path = ImportAgent.swift; sourceTree = "<group>"; };
		A2C2ADBB26D5B0CE00537971 /* SPENTLegacyImportAgent.swift */ = {isa = PBXFileReference; lastKnownFileType = sourcecode.swift; path = SPENTLegacyImportAgent.swift; sourceTree = "<group>"; };
		A2C4C0CA2613E61A0048DB83 /* SPENT.app */ = {isa = PBXFileReference; explicitFileType = wrapper.application; includeInIndex = 0; path = SPENT.app; sourceTree = BUILT_PRODUCTS_DIR; };
		A2C4C0CD2613E61A0048DB83 /* SPENTiOSApp.swift */ = {isa = PBXFileReference; lastKnownFileType = sourcecode.swift; path = SPENTiOSApp.swift; sourceTree = "<group>"; };
		A2C4C0D12613E61A0048DB83 /* Assets.xcassets */ = {isa = PBXFileReference; lastKnownFileType = folder.assetcatalog; path = Assets.xcassets; sourceTree = "<group>"; };
		A2C4C0D42613E61A0048DB83 /* Preview Assets.xcassets */ = {isa = PBXFileReference; lastKnownFileType = folder.assetcatalog; path = "Preview Assets.xcassets"; sourceTree = "<group>"; };
		A2C4C0D62613E61A0048DB83 /* Info.plist */ = {isa = PBXFileReference; lastKnownFileType = text.plist.xml; path = Info.plist; sourceTree = "<group>"; };
		A2C8351026DAE8FE00819F35 /* DBFileBookmark.swift */ = {isa = PBXFileReference; lastKnownFileType = sourcecode.swift; path = DBFileBookmark.swift; sourceTree = "<group>"; };
		A2D4158227AA37AF008A6C52 /* DatabaseActions.swift */ = {isa = PBXFileReference; lastKnownFileType = sourcecode.swift; path = DatabaseActions.swift; sourceTree = "<group>"; };
		A2D4158427AA3F96008A6C52 /* SPENTDatabaseDocument.swift */ = {isa = PBXFileReference; lastKnownFileType = sourcecode.swift; path = SPENTDatabaseDocument.swift; sourceTree = "<group>"; };
		A2DFFD1B26ED924700B6CBE6 /* SPENTV0ImportAgent.swift */ = {isa = PBXFileReference; lastKnownFileType = sourcecode.swift; path = SPENTV0ImportAgent.swift; sourceTree = "<group>"; };
		A2E0F52D26F4043E002EC601 /* TransactionTemplate.swift */ = {isa = PBXFileReference; lastKnownFileType = sourcecode.swift; path = TransactionTemplate.swift; sourceTree = "<group>"; };
		A2E0F53226F40BF8002EC601 /* JSONTransactionTemplate.swift */ = {isa = PBXFileReference; lastKnownFileType = sourcecode.swift; path = JSONTransactionTemplate.swift; sourceTree = "<group>"; };
		A2EC30A0269743DC00781EC8 /* GlobalState.swift */ = {isa = PBXFileReference; lastKnownFileType = sourcecode.swift; path = GlobalState.swift; sourceTree = "<group>"; };
		A2EC30A32697544800781EC8 /* AccountNavigation.swift */ = {isa = PBXFileReference; lastKnownFileType = sourcecode.swift; path = AccountNavigation.swift; sourceTree = "<group>"; };
		A2EC30A62697571C00781EC8 /* SettingsView.swift */ = {isa = PBXFileReference; lastKnownFileType = sourcecode.swift; path = SettingsView.swift; sourceTree = "<group>"; };
		A2EC30A8269758AB00781EC8 /* EditAccountListView.swift */ = {isa = PBXFileReference; lastKnownFileType = sourcecode.swift; path = EditAccountListView.swift; sourceTree = "<group>"; };
		A2EE03F9268518BF0092F63E /* iOSTransactionListView.swift */ = {isa = PBXFileReference; lastKnownFileType = sourcecode.swift; path = iOSTransactionListView.swift; sourceTree = "<group>"; };
		A2F18BCC26B2DF82009BA9F4 /* SplitTransactionForm.swift */ = {isa = PBXFileReference; lastKnownFileType = sourcecode.swift; path = SplitTransactionForm.swift; sourceTree = "<group>"; tabWidth = 5; };
		A2F18BCF26B2E312009BA9F4 /* SplitTransactionMemberList.swift */ = {isa = PBXFileReference; lastKnownFileType = sourcecode.swift; path = SplitTransactionMemberList.swift; sourceTree = "<group>"; };
		A2F18BD126B496E1009BA9F4 /* SplitMemberForm.swift */ = {isa = PBXFileReference; lastKnownFileType = sourcecode.swift; path = SplitMemberForm.swift; sourceTree = "<group>"; };
		A2F8C091276B9EC600F2B3AF /* QIFImportAgent.swift */ = {isa = PBXFileReference; lastKnownFileType = sourcecode.swift; path = QIFImportAgent.swift; sourceTree = "<group>"; };
		A2FE6FE8271B360D000F8F89 /* TemplateFilter.swift */ = {isa = PBXFileReference; lastKnownFileType = sourcecode.swift; path = TemplateFilter.swift; sourceTree = "<group>"; };
/* End PBXFileReference section */

/* Begin PBXFrameworksBuildPhase section */
		A2A5670A262740EC009C7E8C /* Frameworks */ = {
			isa = PBXFrameworksBuildPhase;
			buildActionMask = 2147483647;
			files = (
				A2AA52BC27A099EE0061F761 /* CSV in Frameworks */,
				A217EA9B26A9BF1A004388FF /* SwiftUIKit in Frameworks */,
				A20901EB27A37E6B00A68252 /* GRDBQuery in Frameworks */,
				A21C63D327074D36002D3084 /* GRDB in Frameworks */,
			);
			runOnlyForDeploymentPostprocessing = 0;
		};
		A2C4C0C72613E61A0048DB83 /* Frameworks */ = {
			isa = PBXFrameworksBuildPhase;
			buildActionMask = 2147483647;
			files = (
				A2C2ADA126D5878A00537971 /* SwiftUIKit in Frameworks */,
			);
			runOnlyForDeploymentPostprocessing = 0;
		};
/* End PBXFrameworksBuildPhase section */

/* Begin PBXGroup section */
		A2072BA026EAF90B00E21B2A /* Frameworks */ = {
			isa = PBXGroup;
			children = (
			);
			name = Frameworks;
			sourceTree = "<group>";
		};
		A20781F92661627500DE372A /* Request */ = {
			isa = PBXGroup;
			children = (
				A2449FF8272075AA006B5185 /* DatabaseRequest.swift */,
				A20B3C9E26558BB400555CF1 /* TagRequest.swift */,
				A20781EC265E954C00DE372A /* BucketRequest.swift */,
				A2449FF2271F7DB1006B5185 /* TransactionRequest.swift */,
				A22FA30D270F417500C0A3CF /* AttachmentRequest.swift */,
				A230C0CA270CF3FB000C739F /* TemplateRequest.swift */,
			);
			path = Request;
			sourceTree = "<group>";
		};
		A20781FA266162A200DE372A /* Database */ = {
			isa = PBXGroup;
			children = (
				A20C69112732FC8A002A87A3 /* Model */,
				A2D4158427AA3F96008A6C52 /* SPENTDatabaseDocument.swift */,
				A2180BE927A8B1030040AC40 /* DatabaseManager.swift */,
				A2D4158227AA37AF008A6C52 /* DatabaseActions.swift */,
				A276B57A26D887D3003C24E2 /* AppConfiguration.swift */,
				A2E0F53226F40BF8002EC601 /* JSONTransactionTemplate.swift */,
			);
			path = Database;
			sourceTree = "<group>";
		};
		A20781FD266168C600DE372A /* Forms */ = {
			isa = PBXGroup;
			children = (
				A2487765265582A7002D7D9F /* TagForm.swift */,
				A2780859268BC63900CEA560 /* TransactionTagForm.swift */,
				A20DCD78264ED0620070EB07 /* BucketForm.swift */,
				A217EA9726A9BB08004388FF /* AccountForm.swift */,
				A20DAF7A2671509B00347205 /* TransactionForm.swift */,
				A217EAA226A9D7A0004388FF /* TransferForm.swift */,
				A2F18BD126B496E1009BA9F4 /* SplitMemberForm.swift */,
				A2F18BCC26B2DF82009BA9F4 /* SplitTransactionForm.swift */,
				A230C0C6270CEB55000C739F /* TemplateForm.swift */,
				A20C691B27330E5A002A87A3 /* FormModel.swift */,
			);
			path = Forms;
			sourceTree = "<group>";
		};
		A20C69102732FB47002A87A3 /* Import */ = {
			isa = PBXGroup;
			children = (
				A2C2ADB926D5AF2E00537971 /* ImportAgent.swift */,
				A2F8C091276B9EC600F2B3AF /* QIFImportAgent.swift */,
				A2C2ADBB26D5B0CE00537971 /* SPENTLegacyImportAgent.swift */,
				A2DFFD1B26ED924700B6CBE6 /* SPENTV0ImportAgent.swift */,
			);
			path = Import;
			sourceTree = "<group>";
		};
		A20C69112732FC8A002A87A3 /* Model */ = {
			isa = PBXGroup;
			children = (
				A20901E027A341B600A68252 /* Account.swift */,
				A20DCD6B264EBC470070EB07 /* Bucket.swift */,
				A20DCD68264EBC260070EB07 /* Transaction.swift */,
				A20DCD82264EEB510070EB07 /* Tag.swift */,
				A2E0F52D26F4043E002EC601 /* TransactionTemplate.swift */,
				A206D782267C110600CB094D /* Attachment.swift */,
				A20781F6266001CC00DE372A /* TransactionTagMapping.swift */,
				A206D785267C111F00CB094D /* TransactionAttachmentMapping.swift */,
				A20901E327A35B4800A68252 /* Transfer.swift */,
				A20901E627A35B8400A68252 /* SplitTransaction.swift */,
			);
			path = Model;
			sourceTree = "<group>";
		};
		A20C69132732FDA4002A87A3 /* Settings */ = {
			isa = PBXGroup;
			children = (
				A2C2ADB426D58F1F00537971 /* SettingsView.swift */,
				A2C2ADB226D58F0200537971 /* GeneralSettingsView.swift */,
			);
			path = Settings;
			sourceTree = "<group>";
		};
		A20C69142732FDBE002A87A3 /* Row */ = {
			isa = PBXGroup;
			children = (
				A27C1D8A271B8462005339FD /* TagListRow.swift */,
				A2AF19BB274468580006C055 /* TemplateListRow.swift */,
				A27C1D8D271B846B005339FD /* BucketListRow.swift */,
				A27C1D90271B847C005339FD /* TransactionListRow.swift */,
			);
			path = Row;
			sourceTree = "<group>";
		};
		A20C69152732FDF0002A87A3 /* Context */ = {
			isa = PBXGroup;
			children = (
				A2C2ADAD26D58B9300537971 /* TransactionContextMenu.swift */,
				A2C2ADB726D58F7D00537971 /* AccountContextMenu.swift */,
			);
			path = Context;
			sourceTree = "<group>";
		};
		A20C69162732FE02002A87A3 /* List */ = {
			isa = PBXGroup;
			children = (
				A2449FEE271F797C006B5185 /* TransactionListView.swift */,
				A22FA30B270F40BF00C0A3CF /* DocumentListView.swift */,
				A2AF19B9274088810006C055 /* TagListView.swift */,
				A2AF19BD274468650006C055 /* TemplateListView.swift */,
				A2F18BCF26B2E312009BA9F4 /* SplitTransactionMemberList.swift */,
			);
			path = List;
			sourceTree = "<group>";
		};
		A20C69172732FE57002A87A3 /* Fragments */ = {
			isa = PBXGroup;
			children = (
				A24033C12672898C00A2B5CE /* CurrencyText.swift */,
				A20DCD74264ED0270070EB07 /* BalanceTable.swift */,
				A2676C8C267E367900548F06 /* TableToolbar.swift */,
				A2A56734262747A7009C7E8C /* SplashView.swift */,
			);
			path = Fragments;
			sourceTree = "<group>";
		};
		A20DCD67264EBBFC0070EB07 /* Model */ = {
			isa = PBXGroup;
			children = (
				A27C1D93271B8547005339FD /* BucketModel.swift */,
				A2449FF4271F7DE8006B5185 /* TransactionModel.swift */,
				A2AF19C327447A710006C055 /* BucketTreeNode.swift */,
			);
			path = Model;
			sourceTree = "<group>";
		};
		A20DCD7B264ED0C50070EB07 /* Shared */ = {
			isa = PBXGroup;
			children = (
				A2EC30A0269743DC00781EC8 /* GlobalState.swift */,
				A26B73302690BC8C0082A0F6 /* Utility */,
				A20C69102732FB47002A87A3 /* Import */,
				A2AA52B327A097420061F761 /* Export */,
				A20781F92661627500DE372A /* Request */,
				A20DCD67264EBBFC0070EB07 /* Model */,
				A27C1D88271B8218005339FD /* Filter */,
				A20781FA266162A200DE372A /* Database */,
				A20C691E273431B8002A87A3 /* Errors.swift */,
			);
			path = Shared;
			sourceTree = "<group>";
		};
		A26B73302690BC8C0082A0F6 /* Utility */ = {
			isa = PBXGroup;
			children = (
				A2780868268E588000CEA560 /* Stringable.swift */,
				A2A56737262879BD009C7E8C /* Util.swift */,
				A2AA26E1270E937E00794C6C /* DebugUtil.swift */,
			);
			path = Utility;
			sourceTree = "<group>";
		};
		A26B73322690BDAF0082A0F6 /* View */ = {
			isa = PBXGroup;
			children = (
				A257FC3226D7F5C400383855 /* MainView.swift */,
				A20DAF6C26701A4300347205 /* HomeView.swift */,
				A27C1D96271B86F8005339FD /* BucketNavigationView.swift */,
				A2676C72267CD04300548F06 /* TransactionsView.swift */,
				A20C69172732FE57002A87A3 /* Fragments */,
				A20C69162732FE02002A87A3 /* List */,
				A20C69152732FDF0002A87A3 /* Context */,
				A20C69142732FDBE002A87A3 /* Row */,
				A20781FD266168C600DE372A /* Forms */,
				A20C69132732FDA4002A87A3 /* Settings */,
				A2C2ADAC26D58ABC00537971 /* Pickers */,
				A26B732126909A850082A0F6 /* QueryWrapperView.swift */,
				A2202ACB26E551EA0060D94A /* SortingWrapperView.swift */,
				A230C0C8270CF320000C739F /* TemplateManagerView.swift */,
				A257FC3426D7F62400383855 /* TagManagerView.swift */,
			);
			path = View;
			sourceTree = "<group>";
		};
		A27C1D88271B8218005339FD /* Filter */ = {
			isa = PBXGroup;
			children = (
				A2FE6FE8271B360D000F8F89 /* TemplateFilter.swift */,
				A27C1D85271B7FD9005339FD /* BucketFilter.swift */,
				A2449FF0271F7B51006B5185 /* TransactionFilter.swift */,
				A2449FF627206F13006B5185 /* DatabaseFilter.swift */,
				A2AF19BF27446A760006C055 /* TagFilter.swift */,
				A2AF19C1274479DD0006C055 /* BucketTreeFilter.swift */,
			);
			path = Filter;
			sourceTree = "<group>";
		};
		A2A5670E262740EC009C7E8C /* macOS */ = {
			isa = PBXGroup;
			children = (
				A2A5670F262740EC009C7E8C /* SPENT.swift */,
				A257FC3026D7ED7600383855 /* PreferenceKeys.swift */,
				A257FC3826D800EE00383855 /* WindowKeys.swift */,
				A217EA9C26A9C1C2004388FF /* FormKeys.swift */,
				A217EAA026A9CD57004388FF /* AlertKeys.swift */,
				A26B73322690BDAF0082A0F6 /* View */,
				A2A56713262740ED009C7E8C /* Assets.xcassets */,
				A2A56718262740ED009C7E8C /* Info.plist */,
				A2A56719262740ED009C7E8C /* macOS.entitlements */,
				A2A56715262740ED009C7E8C /* Preview Content */,
				A2C8351026DAE8FE00819F35 /* DBFileBookmark.swift */,
			);
			path = macOS;
			sourceTree = "<group>";
		};
		A2A56715262740ED009C7E8C /* Preview Content */ = {
			isa = PBXGroup;
			children = (
				A2A56716262740ED009C7E8C /* Preview Assets.xcassets */,
			);
			path = "Preview Content";
			sourceTree = "<group>";
		};
		A2AA52B327A097420061F761 /* Export */ = {
			isa = PBXGroup;
			children = (
				A2AA52B427A097550061F761 /* ExportAgent.swift */,
				A2AA52B627A097880061F761 /* CSVAgent.swift */,
			);
			path = Export;
			sourceTree = "<group>";
		};
		A2C2ADA826D58A8100537971 /* View */ = {
			isa = PBXGroup;
			children = (
			);
			path = View;
			sourceTree = "<group>";
		};
		A2C2ADAC26D58ABC00537971 /* Pickers */ = {
			isa = PBXGroup;
			children = (
				A2780865268E55F600CEA560 /* EnumPicker.swift */,
				A2780862268E4AF900CEA560 /* BucketPicker.swift */,
				A2448EC127ACDBD700530AE0 /* AccountPicker.swift */,
			);
			path = Pickers;
			sourceTree = "<group>";
		};
		A2C4C0C12613E61A0048DB83 = {
			isa = PBXGroup;
			children = (
				A20DCD7B264ED0C50070EB07 /* Shared */,
				A2C4C0CC2613E61A0048DB83 /* iOS */,
				A2A5670E262740EC009C7E8C /* macOS */,
				A2C4C0CB2613E61A0048DB83 /* Products */,
				A2072BA026EAF90B00E21B2A /* Frameworks */,
			);
			sourceTree = "<group>";
		};
		A2C4C0CB2613E61A0048DB83 /* Products */ = {
			isa = PBXGroup;
			children = (
				A2C4C0CA2613E61A0048DB83 /* SPENT.app */,
				A2A5670D262740EC009C7E8C /* SPENT.app */,
			);
			name = Products;
			sourceTree = "<group>";
		};
		A2C4C0CC2613E61A0048DB83 /* iOS */ = {
			isa = PBXGroup;
			children = (
				A2C2ADA826D58A8100537971 /* View */,
				A2C4C0CD2613E61A0048DB83 /* SPENTiOSApp.swift */,
				A2EE03F9268518BF0092F63E /* iOSTransactionListView.swift */,
				A2EC30A32697544800781EC8 /* AccountNavigation.swift */,
				A26B73382690CBAC0082A0F6 /* TransactionView.swift */,
				A2EC30A62697571C00781EC8 /* SettingsView.swift */,
				A2C4C0D12613E61A0048DB83 /* Assets.xcassets */,
				A2C4C0D62613E61A0048DB83 /* Info.plist */,
				A22727DF2616341900814696 /* iOS.entitlements */,
				A2C4C0D32613E61A0048DB83 /* Preview Content */,
				A2EC30A8269758AB00781EC8 /* EditAccountListView.swift */,
			);
			path = iOS;
			sourceTree = "<group>";
		};
		A2C4C0D32613E61A0048DB83 /* Preview Content */ = {
			isa = PBXGroup;
			children = (
				A2C4C0D42613E61A0048DB83 /* Preview Assets.xcassets */,
			);
			path = "Preview Content";
			sourceTree = "<group>";
		};
/* End PBXGroup section */

/* Begin PBXNativeTarget section */
		A2A5670C262740EC009C7E8C /* macOS */ = {
			isa = PBXNativeTarget;
			buildConfigurationList = A2A5671C262740ED009C7E8C /* Build configuration list for PBXNativeTarget "macOS" */;
			buildPhases = (
				A2DA8F3C269BE32C00DD77D1 /* ShellScript */,
				A2A56709262740EC009C7E8C /* Sources */,
				A2A5670A262740EC009C7E8C /* Frameworks */,
				A2A5670B262740EC009C7E8C /* Resources */,
			);
			buildRules = (
			);
			dependencies = (
			);
			name = macOS;
			packageProductDependencies = (
				A217EA9A26A9BF1A004388FF /* SwiftUIKit */,
				A21C63D227074D36002D3084 /* GRDB */,
				A2AA52BB27A099EE0061F761 /* CSV */,
				A20901EA27A37E6B00A68252 /* GRDBQuery */,
			);
			productName = macOS;
			productReference = A2A5670D262740EC009C7E8C /* SPENT.app */;
			productType = "com.apple.product-type.application";
		};
		A2C4C0C92613E61A0048DB83 /* iOS */ = {
			isa = PBXNativeTarget;
			buildConfigurationList = A2C4C0D92613E61A0048DB83 /* Build configuration list for PBXNativeTarget "iOS" */;
			buildPhases = (
				A2C4C0C62613E61A0048DB83 /* Sources */,
				A2C4C0C72613E61A0048DB83 /* Frameworks */,
				A2C4C0C82613E61A0048DB83 /* Resources */,
			);
			buildRules = (
			);
			dependencies = (
			);
			name = iOS;
			packageProductDependencies = (
				A2C2ADA026D5878A00537971 /* SwiftUIKit */,
			);
			productName = SPENT;
			productReference = A2C4C0CA2613E61A0048DB83 /* SPENT.app */;
			productType = "com.apple.product-type.application";
		};
/* End PBXNativeTarget section */

/* Begin PBXProject section */
		A2C4C0C22613E61A0048DB83 /* Project object */ = {
			isa = PBXProject;
			attributes = {
				LastSwiftUpdateCheck = 1250;
				LastUpgradeCheck = 1250;
				TargetAttributes = {
					A2A5670C262740EC009C7E8C = {
						CreatedOnToolsVersion = 12.5;
					};
					A2C4C0C92613E61A0048DB83 = {
						CreatedOnToolsVersion = 12.5;
						LastSwiftMigration = 1250;
					};
				};
			};
			buildConfigurationList = A2C4C0C52613E61A0048DB83 /* Build configuration list for PBXProject "SPENT" */;
			compatibilityVersion = "Xcode 9.3";
			developmentRegion = en;
			hasScannedForEncodings = 0;
			knownRegions = (
				en,
				Base,
			);
			mainGroup = A2C4C0C12613E61A0048DB83;
			packageReferences = (
				A217EA9926A9BF1A004388FF /* XCRemoteSwiftPackageReference "SwiftUIKit" */,
				A21C63D127074D36002D3084 /* XCRemoteSwiftPackageReference "GRDB.swift" */,
				A230C0CC270E0970000C739F /* XCRemoteSwiftPackageReference "swift-ical" */,
				A2AA52BA27A099EE0061F761 /* XCRemoteSwiftPackageReference "CSV.swift" */,
				A20901E927A37E6B00A68252 /* XCRemoteSwiftPackageReference "GRDBQuery" */,
			);
			productRefGroup = A2C4C0CB2613E61A0048DB83 /* Products */;
			projectDirPath = "";
			projectRoot = "";
			targets = (
				A2C4C0C92613E61A0048DB83 /* iOS */,
				A2A5670C262740EC009C7E8C /* macOS */,
			);
		};
/* End PBXProject section */

/* Begin PBXResourcesBuildPhase section */
		A2A5670B262740EC009C7E8C /* Resources */ = {
			isa = PBXResourcesBuildPhase;
			buildActionMask = 2147483647;
			files = (
				A2A56717262740ED009C7E8C /* Preview Assets.xcassets in Resources */,
				A2A56714262740ED009C7E8C /* Assets.xcassets in Resources */,
			);
			runOnlyForDeploymentPostprocessing = 0;
		};
		A2C4C0C82613E61A0048DB83 /* Resources */ = {
			isa = PBXResourcesBuildPhase;
			buildActionMask = 2147483647;
			files = (
				A2C4C0D52613E61A0048DB83 /* Preview Assets.xcassets in Resources */,
				A2C4C0D22613E61A0048DB83 /* Assets.xcassets in Resources */,
			);
			runOnlyForDeploymentPostprocessing = 0;
		};
/* End PBXResourcesBuildPhase section */

/* Begin PBXShellScriptBuildPhase section */
		A2DA8F3C269BE32C00DD77D1 /* ShellScript */ = {
			isa = PBXShellScriptBuildPhase;
			buildActionMask = 12;
			files = (
			);
			inputFileListPaths = (
			);
			inputPaths = (
			);
			outputFileListPaths = (
			);
			outputPaths = (
			);
			runOnlyForDeploymentPostprocessing = 0;
			shellPath = /bin/sh;
			shellScript = "# Type a script or drag a script file from your workspace to insert its path.\nCOMMIT_HASH=`git rev-parse --short HEAD`\n/usr/libexec/PlistBuddy -c \"Set :GIT_COMMIT_HASH $COMMIT_HASH\" \"${INFOPLIST_FILE}\"\n/usr/libexec/PlistBuddy -c \"Set :CFBundleVersion $COMMIT_HASH\" \"${INFOPLIST_FILE}\"\n";
		};
/* End PBXShellScriptBuildPhase section */

/* Begin PBXSourcesBuildPhase section */
		A2A56709262740EC009C7E8C /* Sources */ = {
			isa = PBXSourcesBuildPhase;
			buildActionMask = 2147483647;
			files = (
				A2D4158527AA3F96008A6C52 /* SPENTDatabaseDocument.swift in Sources */,
				A257FC3926D800EE00383855 /* WindowKeys.swift in Sources */,
				A2C2ADBA26D5AF2E00537971 /* ImportAgent.swift in Sources */,
				A2448EC227ACDBD700530AE0 /* AccountPicker.swift in Sources */,
				A2676C8E267E367900548F06 /* TableToolbar.swift in Sources */,
				A2AA52B827A0980E0061F761 /* ExportAgent.swift in Sources */,
				A2449FF9272075AA006B5185 /* DatabaseRequest.swift in Sources */,
				A2180BE727A8A6F90040AC40 /* AccountForm.swift in Sources */,
				A257FC3326D7F5C400383855 /* MainView.swift in Sources */,
				A20DCD84264EEB510070EB07 /* Tag.swift in Sources */,
				A20DCD6A264EBC260070EB07 /* Transaction.swift in Sources */,
				A2EC30A2269743DC00781EC8 /* GlobalState.swift in Sources */,
				A20901E527A35B4800A68252 /* Transfer.swift in Sources */,
				A2449FF727206F13006B5185 /* DatabaseFilter.swift in Sources */,
				A2448EC327AD910E00530AE0 /* CSVAgent.swift in Sources */,
				A257FC3126D7ED7600383855 /* PreferenceKeys.swift in Sources */,
				A2780864268E4AF900CEA560 /* BucketPicker.swift in Sources */,
				A276B57C26D887D3003C24E2 /* AppConfiguration.swift in Sources */,
				A2A56736262747A8009C7E8C /* SplashView.swift in Sources */,
				A24033C22672898C00A2B5CE /* CurrencyText.swift in Sources */,
				A20901F227A4800B00A68252 /* FormKeys.swift in Sources */,
				A2F18BD026B2E312009BA9F4 /* SplitTransactionMemberList.swift in Sources */,
				A20901E227A341B600A68252 /* Account.swift in Sources */,
				A2180BEA27A8B1030040AC40 /* DatabaseManager.swift in Sources */,
				A2448EC027ACD5B800530AE0 /* TransactionForm.swift in Sources */,
				A2180BE827A8A7360040AC40 /* FormModel.swift in Sources */,
				A2AF19C427447A710006C055 /* BucketTreeNode.swift in Sources */,
				A20781F8266001CC00DE372A /* TransactionTagMapping.swift in Sources */,
				A2F18BD226B496E1009BA9F4 /* SplitMemberForm.swift in Sources */,
				A206D784267C110600CB094D /* Attachment.swift in Sources */,
				A20901F027A47FAE00A68252 /* JSONTransactionTemplate.swift in Sources */,
				A2C8351126DAE8FE00819F35 /* DBFileBookmark.swift in Sources */,
				A2D4158327AA37AF008A6C52 /* DatabaseActions.swift in Sources */,
				A2C2ADB326D58F0200537971 /* GeneralSettingsView.swift in Sources */,
				A2C2ADB526D58F1F00537971 /* SettingsView.swift in Sources */,
				A20901E827A35B8400A68252 /* SplitTransaction.swift in Sources */,
				A2AA26E3270E937E00794C6C /* DebugUtil.swift in Sources */,
				A206D787267C111F00CB094D /* TransactionAttachmentMapping.swift in Sources */,
				A217EAA126A9CD57004388FF /* AlertKeys.swift in Sources */,
				A2780867268E55F600CEA560 /* EnumPicker.swift in Sources */,
				A20C691F273431B8002A87A3 /* Errors.swift in Sources */,
				A20B3C9F26558BB400555CF1 /* TagRequest.swift in Sources */,
				A278086A268E588000CEA560 /* Stringable.swift in Sources */,
				A20DCD6D264EBC470070EB07 /* Bucket.swift in Sources */,
				A2A56739262879BD009C7E8C /* Util.swift in Sources */,
				A2A56710262740EC009C7E8C /* SPENT.swift in Sources */,
				A2E0F52E26F4043E002EC601 /* TransactionTemplate.swift in Sources */,
			);
			runOnlyForDeploymentPostprocessing = 0;
		};
		A2C4C0C62613E61A0048DB83 /* Sources */ = {
			isa = PBXSourcesBuildPhase;
			buildActionMask = 2147483647;
			files = (
				A20DCD69264EBC260070EB07 /* Transaction.swift in Sources */,
				A20901F127A47FAE00A68252 /* JSONTransactionTemplate.swift in Sources */,
				A26B73392690CBAC0082A0F6 /* TransactionView.swift in Sources */,
				A20901E127A341B600A68252 /* Account.swift in Sources */,
				A257FC4326D80BDB00383855 /* ImportAgent.swift in Sources */,
				A20901E427A35B4800A68252 /* Transfer.swift in Sources */,
				A2780866268E55F600CEA560 /* EnumPicker.swift in Sources */,
				A2EE03FA268518BF0092F63E /* iOSTransactionListView.swift in Sources */,
				A2EC30A72697571C00781EC8 /* SettingsView.swift in Sources */,
				A20781F7266001CC00DE372A /* TransactionTagMapping.swift in Sources */,
				A2C4C0CE2613E61A0048DB83 /* SPENTiOSApp.swift in Sources */,
				A20DCD6C264EBC470070EB07 /* Bucket.swift in Sources */,
				A20901E727A35B8400A68252 /* SplitTransaction.swift in Sources */,
				A2780869268E588000CEA560 /* Stringable.swift in Sources */,
				A2EC30A42697544800781EC8 /* AccountNavigation.swift in Sources */,
				A2780863268E4AF900CEA560 /* BucketPicker.swift in Sources */,
				A2EC30A1269743DC00781EC8 /* GlobalState.swift in Sources */,
				A206D786267C111F00CB094D /* TransactionAttachmentMapping.swift in Sources */,
				A2EC30A9269758AB00781EC8 /* EditAccountListView.swift in Sources */,
				A2AA52B527A097550061F761 /* ExportAgent.swift in Sources */,
				A2A56738262879BD009C7E8C /* Util.swift in Sources */,
				A276B57B26D887D3003C24E2 /* AppConfiguration.swift in Sources */,
				A206D783267C110600CB094D /* Attachment.swift in Sources */,
				A20DCD83264EEB510070EB07 /* Tag.swift in Sources */,
				A2AA26E2270E937E00794C6C /* DebugUtil.swift in Sources */,
			);
			runOnlyForDeploymentPostprocessing = 0;
		};
/* End PBXSourcesBuildPhase section */

/* Begin XCBuildConfiguration section */
		A2A5671A262740ED009C7E8C /* Debug */ = {
			isa = XCBuildConfiguration;
			buildSettings = {
				ASSETCATALOG_COMPILER_APPICON_NAME = AppIcon;
				ASSETCATALOG_COMPILER_GLOBAL_ACCENT_COLOR_NAME = AccentColor;
				CODE_SIGN_ENTITLEMENTS = macOS/macOS.entitlements;
				CODE_SIGN_IDENTITY = "Apple Development";
				CODE_SIGN_STYLE = Automatic;
				COMBINE_HIDPI_IMAGES = YES;
				DEVELOPMENT_ASSET_PATHS = "\"macOS/Preview Content\"";
				DEVELOPMENT_TEAM = N8ZK5JM34P;
				ENABLE_HARDENED_RUNTIME = YES;
				ENABLE_PREVIEWS = YES;
				INFOPLIST_FILE = macOS/Info.plist;
				LD_RUNPATH_SEARCH_PATHS = (
					"$(inherited)",
					"@executable_path/../Frameworks",
				);
				LIBRARY_SEARCH_PATHS = "$(inherited)";
				MACOSX_DEPLOYMENT_TARGET = 11.0;
				PRODUCT_BUNDLE_IDENTIFIER = io.github.robotman3000.SPENT;
				PRODUCT_NAME = SPENT;
				SDKROOT = macosx;
				SWIFT_INSTALL_OBJC_HEADER = NO;
				SWIFT_OBJC_BRIDGING_HEADER = "";
				SWIFT_VERSION = 5.0;
			};
			name = Debug;
		};
		A2A5671B262740ED009C7E8C /* Release */ = {
			isa = XCBuildConfiguration;
			buildSettings = {
				ASSETCATALOG_COMPILER_APPICON_NAME = AppIcon;
				ASSETCATALOG_COMPILER_GLOBAL_ACCENT_COLOR_NAME = AccentColor;
				CODE_SIGN_ENTITLEMENTS = macOS/macOS.entitlements;
				CODE_SIGN_IDENTITY = "Apple Development";
				CODE_SIGN_STYLE = Automatic;
				COMBINE_HIDPI_IMAGES = YES;
				DEVELOPMENT_ASSET_PATHS = "\"macOS/Preview Content\"";
				DEVELOPMENT_TEAM = N8ZK5JM34P;
				ENABLE_HARDENED_RUNTIME = YES;
				ENABLE_PREVIEWS = YES;
				INFOPLIST_FILE = macOS/Info.plist;
				LD_RUNPATH_SEARCH_PATHS = (
					"$(inherited)",
					"@executable_path/../Frameworks",
				);
				LIBRARY_SEARCH_PATHS = "$(inherited)";
				MACOSX_DEPLOYMENT_TARGET = 11.0;
				PRODUCT_BUNDLE_IDENTIFIER = io.github.robotman3000.SPENT;
				PRODUCT_NAME = SPENT;
				SDKROOT = macosx;
				SWIFT_INSTALL_OBJC_HEADER = NO;
				SWIFT_OBJC_BRIDGING_HEADER = "";
				SWIFT_VERSION = 5.0;
			};
			name = Release;
		};
		A2C4C0D72613E61A0048DB83 /* Debug */ = {
			isa = XCBuildConfiguration;
			buildSettings = {
				ALWAYS_SEARCH_USER_PATHS = NO;
				CLANG_ANALYZER_NONNULL = YES;
				CLANG_ANALYZER_NUMBER_OBJECT_CONVERSION = YES_AGGRESSIVE;
				CLANG_CXX_LANGUAGE_STANDARD = "gnu++14";
				CLANG_CXX_LIBRARY = "libc++";
				CLANG_ENABLE_MODULES = YES;
				CLANG_ENABLE_OBJC_ARC = YES;
				CLANG_ENABLE_OBJC_WEAK = YES;
				CLANG_WARN_BLOCK_CAPTURE_AUTORELEASING = YES;
				CLANG_WARN_BOOL_CONVERSION = YES;
				CLANG_WARN_COMMA = YES;
				CLANG_WARN_CONSTANT_CONVERSION = YES;
				CLANG_WARN_DEPRECATED_OBJC_IMPLEMENTATIONS = YES;
				CLANG_WARN_DIRECT_OBJC_ISA_USAGE = YES_ERROR;
				CLANG_WARN_DOCUMENTATION_COMMENTS = YES;
				CLANG_WARN_EMPTY_BODY = YES;
				CLANG_WARN_ENUM_CONVERSION = YES;
				CLANG_WARN_INFINITE_RECURSION = YES;
				CLANG_WARN_INT_CONVERSION = YES;
				CLANG_WARN_NON_LITERAL_NULL_CONVERSION = YES;
				CLANG_WARN_OBJC_IMPLICIT_RETAIN_SELF = YES;
				CLANG_WARN_OBJC_LITERAL_CONVERSION = YES;
				CLANG_WARN_OBJC_ROOT_CLASS = YES_ERROR;
				CLANG_WARN_QUOTED_INCLUDE_IN_FRAMEWORK_HEADER = YES;
				CLANG_WARN_RANGE_LOOP_ANALYSIS = YES;
				CLANG_WARN_STRICT_PROTOTYPES = YES;
				CLANG_WARN_SUSPICIOUS_MOVE = YES;
				CLANG_WARN_UNGUARDED_AVAILABILITY = YES_AGGRESSIVE;
				CLANG_WARN_UNREACHABLE_CODE = YES;
				CLANG_WARN__DUPLICATE_METHOD_MATCH = YES;
				CODE_SIGN_ENTITLEMENTS = "";
				COPY_PHASE_STRIP = NO;
				DEBUG_INFORMATION_FORMAT = dwarf;
				ENABLE_STRICT_OBJC_MSGSEND = YES;
				ENABLE_TESTABILITY = YES;
				GCC_C_LANGUAGE_STANDARD = gnu11;
				GCC_DYNAMIC_NO_PIC = NO;
				GCC_NO_COMMON_BLOCKS = YES;
				GCC_OPTIMIZATION_LEVEL = 0;
				GCC_PREPROCESSOR_DEFINITIONS = (
					"DEBUG=1",
					"$(inherited)",
				);
				GCC_WARN_64_TO_32_BIT_CONVERSION = YES;
				GCC_WARN_ABOUT_RETURN_TYPE = YES_ERROR;
				GCC_WARN_UNDECLARED_SELECTOR = YES;
				GCC_WARN_UNINITIALIZED_AUTOS = YES_AGGRESSIVE;
				GCC_WARN_UNUSED_FUNCTION = YES;
				GCC_WARN_UNUSED_VARIABLE = YES;
				IPHONEOS_DEPLOYMENT_TARGET = 14.5;
				MACOSX_DEPLOYMENT_TARGET = 11.0;
				MTL_ENABLE_DEBUG_INFO = INCLUDE_SOURCE;
				MTL_FAST_MATH = YES;
				ONLY_ACTIVE_ARCH = YES;
				SDKROOT = iphoneos;
				SWIFT_ACTIVE_COMPILATION_CONDITIONS = DEBUG;
				SWIFT_OPTIMIZATION_LEVEL = "-Onone";
				USER_HEADER_SEARCH_PATHS = "";
			};
			name = Debug;
		};
		A2C4C0D82613E61A0048DB83 /* Release */ = {
			isa = XCBuildConfiguration;
			buildSettings = {
				ALWAYS_SEARCH_USER_PATHS = NO;
				CLANG_ANALYZER_NONNULL = YES;
				CLANG_ANALYZER_NUMBER_OBJECT_CONVERSION = YES_AGGRESSIVE;
				CLANG_CXX_LANGUAGE_STANDARD = "gnu++14";
				CLANG_CXX_LIBRARY = "libc++";
				CLANG_ENABLE_MODULES = YES;
				CLANG_ENABLE_OBJC_ARC = YES;
				CLANG_ENABLE_OBJC_WEAK = YES;
				CLANG_WARN_BLOCK_CAPTURE_AUTORELEASING = YES;
				CLANG_WARN_BOOL_CONVERSION = YES;
				CLANG_WARN_COMMA = YES;
				CLANG_WARN_CONSTANT_CONVERSION = YES;
				CLANG_WARN_DEPRECATED_OBJC_IMPLEMENTATIONS = YES;
				CLANG_WARN_DIRECT_OBJC_ISA_USAGE = YES_ERROR;
				CLANG_WARN_DOCUMENTATION_COMMENTS = YES;
				CLANG_WARN_EMPTY_BODY = YES;
				CLANG_WARN_ENUM_CONVERSION = YES;
				CLANG_WARN_INFINITE_RECURSION = YES;
				CLANG_WARN_INT_CONVERSION = YES;
				CLANG_WARN_NON_LITERAL_NULL_CONVERSION = YES;
				CLANG_WARN_OBJC_IMPLICIT_RETAIN_SELF = YES;
				CLANG_WARN_OBJC_LITERAL_CONVERSION = YES;
				CLANG_WARN_OBJC_ROOT_CLASS = YES_ERROR;
				CLANG_WARN_QUOTED_INCLUDE_IN_FRAMEWORK_HEADER = YES;
				CLANG_WARN_RANGE_LOOP_ANALYSIS = YES;
				CLANG_WARN_STRICT_PROTOTYPES = YES;
				CLANG_WARN_SUSPICIOUS_MOVE = YES;
				CLANG_WARN_UNGUARDED_AVAILABILITY = YES_AGGRESSIVE;
				CLANG_WARN_UNREACHABLE_CODE = YES;
				CLANG_WARN__DUPLICATE_METHOD_MATCH = YES;
				CODE_SIGN_ENTITLEMENTS = "";
				COPY_PHASE_STRIP = NO;
				DEBUG_INFORMATION_FORMAT = "dwarf-with-dsym";
				ENABLE_NS_ASSERTIONS = NO;
				ENABLE_STRICT_OBJC_MSGSEND = YES;
				GCC_C_LANGUAGE_STANDARD = gnu11;
				GCC_NO_COMMON_BLOCKS = YES;
				GCC_WARN_64_TO_32_BIT_CONVERSION = YES;
				GCC_WARN_ABOUT_RETURN_TYPE = YES_ERROR;
				GCC_WARN_UNDECLARED_SELECTOR = YES;
				GCC_WARN_UNINITIALIZED_AUTOS = YES_AGGRESSIVE;
				GCC_WARN_UNUSED_FUNCTION = YES;
				GCC_WARN_UNUSED_VARIABLE = YES;
				IPHONEOS_DEPLOYMENT_TARGET = 14.5;
				MACOSX_DEPLOYMENT_TARGET = 11.0;
				MTL_ENABLE_DEBUG_INFO = NO;
				MTL_FAST_MATH = YES;
				SDKROOT = iphoneos;
				SWIFT_COMPILATION_MODE = wholemodule;
				SWIFT_OPTIMIZATION_LEVEL = "-O";
				USER_HEADER_SEARCH_PATHS = "";
				VALIDATE_PRODUCT = YES;
			};
			name = Release;
		};
		A2C4C0DA2613E61A0048DB83 /* Debug */ = {
			isa = XCBuildConfiguration;
			buildSettings = {
				ASSETCATALOG_COMPILER_APPICON_NAME = AppIcon;
				ASSETCATALOG_COMPILER_GLOBAL_ACCENT_COLOR_NAME = AccentColor;
				CLANG_ENABLE_MODULES = YES;
				CODE_SIGN_ENTITLEMENTS = iOS/iOS.entitlements;
				CODE_SIGN_IDENTITY = "Apple Development";
				CODE_SIGN_STYLE = Automatic;
				DEVELOPMENT_ASSET_PATHS = "\"iOS/Preview Content\"";
				DEVELOPMENT_TEAM = N8ZK5JM34P;
				ENABLE_PREVIEWS = YES;
				INFOPLIST_FILE = iOS/Info.plist;
				IPHONEOS_DEPLOYMENT_TARGET = 14.0;
				LD_RUNPATH_SEARCH_PATHS = (
					"$(inherited)",
					"@executable_path/Frameworks",
				);
				LIBRARY_SEARCH_PATHS = "$(inherited)";
				PRODUCT_BUNDLE_IDENTIFIER = io.github.robotman3000.SPENT;
				PRODUCT_NAME = SPENT;
				PROVISIONING_PROFILE_SPECIFIER = "";
				SUPPORTS_MACCATALYST = NO;
				SWIFT_INSTALL_OBJC_HEADER = NO;
				SWIFT_OBJC_BRIDGING_HEADER = "";
				SWIFT_OPTIMIZATION_LEVEL = "-Onone";
				SWIFT_VERSION = 5.0;
				TARGETED_DEVICE_FAMILY = "1,2";
			};
			name = Debug;
		};
		A2C4C0DB2613E61A0048DB83 /* Release */ = {
			isa = XCBuildConfiguration;
			buildSettings = {
				ASSETCATALOG_COMPILER_APPICON_NAME = AppIcon;
				ASSETCATALOG_COMPILER_GLOBAL_ACCENT_COLOR_NAME = AccentColor;
				CLANG_ENABLE_MODULES = YES;
				CODE_SIGN_ENTITLEMENTS = iOS/iOS.entitlements;
				CODE_SIGN_STYLE = Automatic;
				DEVELOPMENT_ASSET_PATHS = "\"iOS/Preview Content\"";
				DEVELOPMENT_TEAM = N8ZK5JM34P;
				ENABLE_PREVIEWS = YES;
				INFOPLIST_FILE = iOS/Info.plist;
				IPHONEOS_DEPLOYMENT_TARGET = 14.0;
				LD_RUNPATH_SEARCH_PATHS = (
					"$(inherited)",
					"@executable_path/Frameworks",
				);
				LIBRARY_SEARCH_PATHS = "$(inherited)";
				PRODUCT_BUNDLE_IDENTIFIER = io.github.robotman3000.SPENT;
				PRODUCT_NAME = SPENT;
				SUPPORTS_MACCATALYST = NO;
				SWIFT_INSTALL_OBJC_HEADER = NO;
				SWIFT_OBJC_BRIDGING_HEADER = "";
				SWIFT_VERSION = 5.0;
				TARGETED_DEVICE_FAMILY = "1,2";
			};
			name = Release;
		};
/* End XCBuildConfiguration section */

/* Begin XCConfigurationList section */
		A2A5671C262740ED009C7E8C /* Build configuration list for PBXNativeTarget "macOS" */ = {
			isa = XCConfigurationList;
			buildConfigurations = (
				A2A5671A262740ED009C7E8C /* Debug */,
				A2A5671B262740ED009C7E8C /* Release */,
			);
			defaultConfigurationIsVisible = 0;
			defaultConfigurationName = Release;
		};
		A2C4C0C52613E61A0048DB83 /* Build configuration list for PBXProject "SPENT" */ = {
			isa = XCConfigurationList;
			buildConfigurations = (
				A2C4C0D72613E61A0048DB83 /* Debug */,
				A2C4C0D82613E61A0048DB83 /* Release */,
			);
			defaultConfigurationIsVisible = 0;
			defaultConfigurationName = Release;
		};
		A2C4C0D92613E61A0048DB83 /* Build configuration list for PBXNativeTarget "iOS" */ = {
			isa = XCConfigurationList;
			buildConfigurations = (
				A2C4C0DA2613E61A0048DB83 /* Debug */,
				A2C4C0DB2613E61A0048DB83 /* Release */,
			);
			defaultConfigurationIsVisible = 0;
			defaultConfigurationName = Release;
		};
/* End XCConfigurationList section */

/* Begin XCRemoteSwiftPackageReference section */
		A20901E927A37E6B00A68252 /* XCRemoteSwiftPackageReference "GRDBQuery" */ = {
			isa = XCRemoteSwiftPackageReference;
			repositoryURL = "https://github.com/groue/GRDBQuery";
			requirement = {
				kind = upToNextMajorVersion;
				minimumVersion = 0.1.0;
			};
		};
		A217EA9926A9BF1A004388FF /* XCRemoteSwiftPackageReference "SwiftUIKit" */ = {
			isa = XCRemoteSwiftPackageReference;
			repositoryURL = "https://github.com/danielsaidi/SwiftUIKit.git";
			requirement = {
				kind = upToNextMajorVersion;
				minimumVersion = 1.4.0;
			};
		};
		A21C63D127074D36002D3084 /* XCRemoteSwiftPackageReference "GRDB.swift" */ = {
			isa = XCRemoteSwiftPackageReference;
			repositoryURL = "https://github.com/groue/GRDB.swift.git";
			requirement = {
				kind = upToNextMajorVersion;
				minimumVersion = 5.0.0;
			};
		};
		A230C0CC270E0970000C739F /* XCRemoteSwiftPackageReference "swift-ical" */ = {
			isa = XCRemoteSwiftPackageReference;
			repositoryURL = "https://github.com/tbartelmess/swift-ical";
			requirement = {
				kind = upToNextMajorVersion;
				minimumVersion = 0.0.8;
			};
		};
		A2AA52BA27A099EE0061F761 /* XCRemoteSwiftPackageReference "CSV.swift" */ = {
			isa = XCRemoteSwiftPackageReference;
			repositoryURL = "https://github.com/yaslab/CSV.swift.git";
			requirement = {
				kind = upToNextMajorVersion;
				minimumVersion = 2.0.0;
			};
		};
/* End XCRemoteSwiftPackageReference section */

/* Begin XCSwiftPackageProductDependency section */
		A20901EA27A37E6B00A68252 /* GRDBQuery */ = {
			isa = XCSwiftPackageProductDependency;
			package = A20901E927A37E6B00A68252 /* XCRemoteSwiftPackageReference "GRDBQuery" */;
			productName = GRDBQuery;
		};
		A217EA9A26A9BF1A004388FF /* SwiftUIKit */ = {
			isa = XCSwiftPackageProductDependency;
			package = A217EA9926A9BF1A004388FF /* XCRemoteSwiftPackageReference "SwiftUIKit" */;
			productName = SwiftUIKit;
		};
		A21C63D227074D36002D3084 /* GRDB */ = {
			isa = XCSwiftPackageProductDependency;
			package = A21C63D127074D36002D3084 /* XCRemoteSwiftPackageReference "GRDB.swift" */;
			productName = GRDB;
		};
		A2AA52BB27A099EE0061F761 /* CSV */ = {
			isa = XCSwiftPackageProductDependency;
			package = A2AA52BA27A099EE0061F761 /* XCRemoteSwiftPackageReference "CSV.swift" */;
			productName = CSV;
		};
		A2C2ADA026D5878A00537971 /* SwiftUIKit */ = {
			isa = XCSwiftPackageProductDependency;
			package = A217EA9926A9BF1A004388FF /* XCRemoteSwiftPackageReference "SwiftUIKit" */;
			productName = SwiftUIKit;
		};
/* End XCSwiftPackageProductDependency section */
	};
	rootObject = A2C4C0C22613E61A0048DB83 /* Project object */;
}
